// !$*UTF8*$!
{
	archiveVersion = 1;
	classes = {
	};
	objectVersion = 46;
	objects = {

/* Begin PBXBuildFile section */
		71334C5016B7D86300F95C9D /* facebook_API.m in Sources */ = {isa = PBXBuildFile; fileRef = 71334C4716B7D86300F95C9D /* facebook_API.m */; };
		71334C5116B7D86300F95C9D /* facebook_DialogDelegate.m in Sources */ = {isa = PBXBuildFile; fileRef = 71334C4916B7D86300F95C9D /* facebook_DialogDelegate.m */; };
		71334C5216B7D86300F95C9D /* facebook_EventListener.m in Sources */ = {isa = PBXBuildFile; fileRef = 71334C4B16B7D86300F95C9D /* facebook_EventListener.m */; };
		71334C5316B7D86300F95C9D /* facebook_RequestDelegate.m in Sources */ = {isa = PBXBuildFile; fileRef = 71334C4D16B7D86300F95C9D /* facebook_RequestDelegate.m */; };
		71334C5416B7D86300F95C9D /* facebook_Util.m in Sources */ = {isa = PBXBuildFile; fileRef = 71334C4F16B7D86300F95C9D /* facebook_Util.m */; };
		713BBDF51B4679E6006EBABF /* FacebookSDK in Frameworks */ = {isa = PBXBuildFile; fileRef = 713BBDBF1B4679E6006EBABF /* FacebookSDK */; };
		718C907C18EAC2FB001E2FEC /* facebook_LoginDelegate.m in Sources */ = {isa = PBXBuildFile; fileRef = 718C907B18EAC2FB001E2FEC /* facebook_LoginDelegate.m */; };
		B31B6D5215C13D5200854074 /* Foundation.framework in Frameworks */ = {isa = PBXBuildFile; fileRef = B31B6D5115C13D5200854074 /* Foundation.framework */; };
		B31B6D6F15C1467100854074 /* CoreFoundation.framework in Frameworks */ = {isa = PBXBuildFile; fileRef = B31B6D6E15C1467100854074 /* CoreFoundation.framework */; };
		B37C3A5D162717A200B50A60 /* ForgeCore.framework in Frameworks */ = {isa = PBXBuildFile; fileRef = B37C3A5C162717A200B50A60 /* ForgeCore.framework */; };
		B3FC51F815C151E5003574D9 /* UIKit.framework in Frameworks */ = {isa = PBXBuildFile; fileRef = B3FC51F715C151E5003574D9 /* UIKit.framework */; };
		B3FC51FF15C1523D003574D9 /* CoreGraphics.framework in Frameworks */ = {isa = PBXBuildFile; fileRef = B3FC51FE15C1523D003574D9 /* CoreGraphics.framework */; };
		B3FC524215C177EA003574D9 /* AssetsLibrary.framework in Frameworks */ = {isa = PBXBuildFile; fileRef = B3FC524115C177EA003574D9 /* AssetsLibrary.framework */; };
		B3FC524815C17B2C003574D9 /* SystemConfiguration.framework in Frameworks */ = {isa = PBXBuildFile; fileRef = B3FC524715C17B2C003574D9 /* SystemConfiguration.framework */; };
/* End PBXBuildFile section */

/* Begin PBXFileReference section */
		71334C4616B7D86300F95C9D /* facebook_API.h */ = {isa = PBXFileReference; fileEncoding = 4; lastKnownFileType = sourcecode.c.h; path = facebook_API.h; sourceTree = "<group>"; };
		71334C4716B7D86300F95C9D /* facebook_API.m */ = {isa = PBXFileReference; fileEncoding = 4; lastKnownFileType = sourcecode.c.objc; path = facebook_API.m; sourceTree = "<group>"; usesTabs = 1; };
		71334C4816B7D86300F95C9D /* facebook_DialogDelegate.h */ = {isa = PBXFileReference; fileEncoding = 4; lastKnownFileType = sourcecode.c.h; path = facebook_DialogDelegate.h; sourceTree = "<group>"; };
		71334C4916B7D86300F95C9D /* facebook_DialogDelegate.m */ = {isa = PBXFileReference; fileEncoding = 4; lastKnownFileType = sourcecode.c.objc; path = facebook_DialogDelegate.m; sourceTree = "<group>"; };
		71334C4A16B7D86300F95C9D /* facebook_EventListener.h */ = {isa = PBXFileReference; fileEncoding = 4; lastKnownFileType = sourcecode.c.h; path = facebook_EventListener.h; sourceTree = "<group>"; };
		71334C4B16B7D86300F95C9D /* facebook_EventListener.m */ = {isa = PBXFileReference; fileEncoding = 4; lastKnownFileType = sourcecode.c.objc; path = facebook_EventListener.m; sourceTree = "<group>"; };
		71334C4C16B7D86300F95C9D /* facebook_RequestDelegate.h */ = {isa = PBXFileReference; fileEncoding = 4; lastKnownFileType = sourcecode.c.h; path = facebook_RequestDelegate.h; sourceTree = "<group>"; };
		71334C4D16B7D86300F95C9D /* facebook_RequestDelegate.m */ = {isa = PBXFileReference; fileEncoding = 4; lastKnownFileType = sourcecode.c.objc; path = facebook_RequestDelegate.m; sourceTree = "<group>"; };
		71334C4E16B7D86300F95C9D /* facebook_Util.h */ = {isa = PBXFileReference; fileEncoding = 4; lastKnownFileType = sourcecode.c.h; path = facebook_Util.h; sourceTree = "<group>"; };
		71334C4F16B7D86300F95C9D /* facebook_Util.m */ = {isa = PBXFileReference; fileEncoding = 4; lastKnownFileType = sourcecode.c.objc; path = facebook_Util.m; sourceTree = "<group>"; };
		713BBD851B4679E6006EBABF /* Facebook.h */ = {isa = PBXFileReference; fileEncoding = 4; lastKnownFileType = sourcecode.c.h; path = Facebook.h; sourceTree = "<group>"; };
		713BBD861B4679E6006EBABF /* FacebookSDK.h */ = {isa = PBXFileReference; fileEncoding = 4; lastKnownFileType = sourcecode.c.h; path = FacebookSDK.h; sourceTree = "<group>"; };
		713BBD871B4679E6006EBABF /* FBAccessTokenData.h */ = {isa = PBXFileReference; fileEncoding = 4; lastKnownFileType = sourcecode.c.h; path = FBAccessTokenData.h; sourceTree = "<group>"; };
		713BBD881B4679E6006EBABF /* FBAppCall.h */ = {isa = PBXFileReference; fileEncoding = 4; lastKnownFileType = sourcecode.c.h; path = FBAppCall.h; sourceTree = "<group>"; };
		713BBD891B4679E6006EBABF /* FBAppEvents.h */ = {isa = PBXFileReference; fileEncoding = 4; lastKnownFileType = sourcecode.c.h; path = FBAppEvents.h; sourceTree = "<group>"; };
		713BBD8A1B4679E6006EBABF /* FBAppLinkData.h */ = {isa = PBXFileReference; fileEncoding = 4; lastKnownFileType = sourcecode.c.h; path = FBAppLinkData.h; sourceTree = "<group>"; };
		713BBD8B1B4679E6006EBABF /* FBAppLinkResolver.h */ = {isa = PBXFileReference; fileEncoding = 4; lastKnownFileType = sourcecode.c.h; path = FBAppLinkResolver.h; sourceTree = "<group>"; };
		713BBD8C1B4679E6006EBABF /* FBCacheDescriptor.h */ = {isa = PBXFileReference; fileEncoding = 4; lastKnownFileType = sourcecode.c.h; path = FBCacheDescriptor.h; sourceTree = "<group>"; };
		713BBD8D1B4679E6006EBABF /* FBColor.h */ = {isa = PBXFileReference; fileEncoding = 4; lastKnownFileType = sourcecode.c.h; path = FBColor.h; sourceTree = "<group>"; };
		713BBD8E1B4679E6006EBABF /* FBConnect.h */ = {isa = PBXFileReference; fileEncoding = 4; lastKnownFileType = sourcecode.c.h; path = FBConnect.h; sourceTree = "<group>"; };
		713BBD8F1B4679E6006EBABF /* FBDialog.h */ = {isa = PBXFileReference; fileEncoding = 4; lastKnownFileType = sourcecode.c.h; path = FBDialog.h; sourceTree = "<group>"; };
		713BBD901B4679E6006EBABF /* FBDialogs.h */ = {isa = PBXFileReference; fileEncoding = 4; lastKnownFileType = sourcecode.c.h; path = FBDialogs.h; sourceTree = "<group>"; };
		713BBD911B4679E6006EBABF /* FBDialogsData.h */ = {isa = PBXFileReference; fileEncoding = 4; lastKnownFileType = sourcecode.c.h; path = FBDialogsData.h; sourceTree = "<group>"; };
		713BBD921B4679E6006EBABF /* FBDialogsParams.h */ = {isa = PBXFileReference; fileEncoding = 4; lastKnownFileType = sourcecode.c.h; path = FBDialogsParams.h; sourceTree = "<group>"; };
		713BBD931B4679E6006EBABF /* FBError.h */ = {isa = PBXFileReference; fileEncoding = 4; lastKnownFileType = sourcecode.c.h; path = FBError.h; sourceTree = "<group>"; };
		713BBD941B4679E6006EBABF /* FBErrorUtility.h */ = {isa = PBXFileReference; fileEncoding = 4; lastKnownFileType = sourcecode.c.h; path = FBErrorUtility.h; sourceTree = "<group>"; };
		713BBD951B4679E6006EBABF /* FBFrictionlessRecipientCache.h */ = {isa = PBXFileReference; fileEncoding = 4; lastKnownFileType = sourcecode.c.h; path = FBFrictionlessRecipientCache.h; sourceTree = "<group>"; };
		713BBD961B4679E6006EBABF /* FBFrictionlessRequestSettings.h */ = {isa = PBXFileReference; fileEncoding = 4; lastKnownFileType = sourcecode.c.h; path = FBFrictionlessRequestSettings.h; sourceTree = "<group>"; };
		713BBD971B4679E6006EBABF /* FBFriendPickerViewController.h */ = {isa = PBXFileReference; fileEncoding = 4; lastKnownFileType = sourcecode.c.h; path = FBFriendPickerViewController.h; sourceTree = "<group>"; };
		713BBD981B4679E6006EBABF /* FBGraphLocation.h */ = {isa = PBXFileReference; fileEncoding = 4; lastKnownFileType = sourcecode.c.h; path = FBGraphLocation.h; sourceTree = "<group>"; };
		713BBD991B4679E6006EBABF /* FBGraphObject.h */ = {isa = PBXFileReference; fileEncoding = 4; lastKnownFileType = sourcecode.c.h; path = FBGraphObject.h; sourceTree = "<group>"; };
		713BBD9A1B4679E6006EBABF /* FBGraphObjectPickerViewController.h */ = {isa = PBXFileReference; fileEncoding = 4; lastKnownFileType = sourcecode.c.h; path = FBGraphObjectPickerViewController.h; sourceTree = "<group>"; };
		713BBD9B1B4679E6006EBABF /* FBGraphPerson.h */ = {isa = PBXFileReference; fileEncoding = 4; lastKnownFileType = sourcecode.c.h; path = FBGraphPerson.h; sourceTree = "<group>"; };
		713BBD9C1B4679E6006EBABF /* FBGraphPlace.h */ = {isa = PBXFileReference; fileEncoding = 4; lastKnownFileType = sourcecode.c.h; path = FBGraphPlace.h; sourceTree = "<group>"; };
		713BBD9D1B4679E6006EBABF /* FBGraphUser.h */ = {isa = PBXFileReference; fileEncoding = 4; lastKnownFileType = sourcecode.c.h; path = FBGraphUser.h; sourceTree = "<group>"; };
		713BBD9E1B4679E6006EBABF /* FBInsights.h */ = {isa = PBXFileReference; fileEncoding = 4; lastKnownFileType = sourcecode.c.h; path = FBInsights.h; sourceTree = "<group>"; };
		713BBD9F1B4679E6006EBABF /* FBLikeControl.h */ = {isa = PBXFileReference; fileEncoding = 4; lastKnownFileType = sourcecode.c.h; path = FBLikeControl.h; sourceTree = "<group>"; };
		713BBDA01B4679E6006EBABF /* FBLinkShareParams.h */ = {isa = PBXFileReference; fileEncoding = 4; lastKnownFileType = sourcecode.c.h; path = FBLinkShareParams.h; sourceTree = "<group>"; };
		713BBDA11B4679E6006EBABF /* FBLoginDialog.h */ = {isa = PBXFileReference; fileEncoding = 4; lastKnownFileType = sourcecode.c.h; path = FBLoginDialog.h; sourceTree = "<group>"; };
		713BBDA21B4679E6006EBABF /* FBLoginTooltipView.h */ = {isa = PBXFileReference; fileEncoding = 4; lastKnownFileType = sourcecode.c.h; path = FBLoginTooltipView.h; sourceTree = "<group>"; };
		713BBDA31B4679E6006EBABF /* FBLoginView.h */ = {isa = PBXFileReference; fileEncoding = 4; lastKnownFileType = sourcecode.c.h; path = FBLoginView.h; sourceTree = "<group>"; };
		713BBDA41B4679E6006EBABF /* FBNativeDialogs.h */ = {isa = PBXFileReference; fileEncoding = 4; lastKnownFileType = sourcecode.c.h; path = FBNativeDialogs.h; sourceTree = "<group>"; };
		713BBDA51B4679E6006EBABF /* FBOpenGraphAction.h */ = {isa = PBXFileReference; fileEncoding = 4; lastKnownFileType = sourcecode.c.h; path = FBOpenGraphAction.h; sourceTree = "<group>"; };
		713BBDA61B4679E6006EBABF /* FBOpenGraphActionParams.h */ = {isa = PBXFileReference; fileEncoding = 4; lastKnownFileType = sourcecode.c.h; path = FBOpenGraphActionParams.h; sourceTree = "<group>"; };
		713BBDA71B4679E6006EBABF /* FBOpenGraphActionShareDialogParams.h */ = {isa = PBXFileReference; fileEncoding = 4; lastKnownFileType = sourcecode.c.h; path = FBOpenGraphActionShareDialogParams.h; sourceTree = "<group>"; };
		713BBDA81B4679E6006EBABF /* FBOpenGraphObject.h */ = {isa = PBXFileReference; fileEncoding = 4; lastKnownFileType = sourcecode.c.h; path = FBOpenGraphObject.h; sourceTree = "<group>"; };
		713BBDA91B4679E6006EBABF /* FBPeoplePickerViewController.h */ = {isa = PBXFileReference; fileEncoding = 4; lastKnownFileType = sourcecode.c.h; path = FBPeoplePickerViewController.h; sourceTree = "<group>"; };
		713BBDAA1B4679E6006EBABF /* FBPhotoParams.h */ = {isa = PBXFileReference; fileEncoding = 4; lastKnownFileType = sourcecode.c.h; path = FBPhotoParams.h; sourceTree = "<group>"; };
		713BBDAB1B4679E6006EBABF /* FBPlacePickerViewController.h */ = {isa = PBXFileReference; fileEncoding = 4; lastKnownFileType = sourcecode.c.h; path = FBPlacePickerViewController.h; sourceTree = "<group>"; };
		713BBDAC1B4679E6006EBABF /* FBProfilePictureView.h */ = {isa = PBXFileReference; fileEncoding = 4; lastKnownFileType = sourcecode.c.h; path = FBProfilePictureView.h; sourceTree = "<group>"; };
		713BBDAD1B4679E6006EBABF /* FBRequest.h */ = {isa = PBXFileReference; fileEncoding = 4; lastKnownFileType = sourcecode.c.h; path = FBRequest.h; sourceTree = "<group>"; };
		713BBDAE1B4679E6006EBABF /* FBRequestConnection.h */ = {isa = PBXFileReference; fileEncoding = 4; lastKnownFileType = sourcecode.c.h; path = FBRequestConnection.h; sourceTree = "<group>"; };
		713BBDAF1B4679E6006EBABF /* FBSDKMacros.h */ = {isa = PBXFileReference; fileEncoding = 4; lastKnownFileType = sourcecode.c.h; path = FBSDKMacros.h; sourceTree = "<group>"; };
		713BBDB01B4679E6006EBABF /* FBSession.h */ = {isa = PBXFileReference; fileEncoding = 4; lastKnownFileType = sourcecode.c.h; path = FBSession.h; sourceTree = "<group>"; };
		713BBDB11B4679E6006EBABF /* FBSessionManualTokenCachingStrategy.h */ = {isa = PBXFileReference; fileEncoding = 4; lastKnownFileType = sourcecode.c.h; path = FBSessionManualTokenCachingStrategy.h; sourceTree = "<group>"; };
		713BBDB21B4679E6006EBABF /* FBSessionTokenCachingStrategy.h */ = {isa = PBXFileReference; fileEncoding = 4; lastKnownFileType = sourcecode.c.h; path = FBSessionTokenCachingStrategy.h; sourceTree = "<group>"; };
		713BBDB31B4679E6006EBABF /* FBSettings.h */ = {isa = PBXFileReference; fileEncoding = 4; lastKnownFileType = sourcecode.c.h; path = FBSettings.h; sourceTree = "<group>"; };
		713BBDB41B4679E6006EBABF /* FBShareDialogParams.h */ = {isa = PBXFileReference; fileEncoding = 4; lastKnownFileType = sourcecode.c.h; path = FBShareDialogParams.h; sourceTree = "<group>"; };
		713BBDB51B4679E6006EBABF /* FBShareDialogPhotoParams.h */ = {isa = PBXFileReference; fileEncoding = 4; lastKnownFileType = sourcecode.c.h; path = FBShareDialogPhotoParams.h; sourceTree = "<group>"; };
		713BBDB61B4679E6006EBABF /* FBTaggableFriendPickerViewController.h */ = {isa = PBXFileReference; fileEncoding = 4; lastKnownFileType = sourcecode.c.h; path = FBTaggableFriendPickerViewController.h; sourceTree = "<group>"; };
		713BBDB71B4679E6006EBABF /* FBTestSession.h */ = {isa = PBXFileReference; fileEncoding = 4; lastKnownFileType = sourcecode.c.h; path = FBTestSession.h; sourceTree = "<group>"; };
		713BBDB81B4679E6006EBABF /* FBTestUserSession.h */ = {isa = PBXFileReference; fileEncoding = 4; lastKnownFileType = sourcecode.c.h; path = FBTestUserSession.h; sourceTree = "<group>"; };
		713BBDB91B4679E6006EBABF /* FBTestUsersManager.h */ = {isa = PBXFileReference; fileEncoding = 4; lastKnownFileType = sourcecode.c.h; path = FBTestUsersManager.h; sourceTree = "<group>"; };
		713BBDBA1B4679E6006EBABF /* FBTooltipView.h */ = {isa = PBXFileReference; fileEncoding = 4; lastKnownFileType = sourcecode.c.h; path = FBTooltipView.h; sourceTree = "<group>"; };
		713BBDBB1B4679E6006EBABF /* FBUserSettingsViewController.h */ = {isa = PBXFileReference; fileEncoding = 4; lastKnownFileType = sourcecode.c.h; path = FBUserSettingsViewController.h; sourceTree = "<group>"; };
		713BBDBC1B4679E6006EBABF /* FBViewController.h */ = {isa = PBXFileReference; fileEncoding = 4; lastKnownFileType = sourcecode.c.h; path = FBViewController.h; sourceTree = "<group>"; };
		713BBDBD1B4679E6006EBABF /* FBWebDialogs.h */ = {isa = PBXFileReference; fileEncoding = 4; lastKnownFileType = sourcecode.c.h; path = FBWebDialogs.h; sourceTree = "<group>"; };
		713BBDBE1B4679E6006EBABF /* NSError+FBError.h */ = {isa = PBXFileReference; fileEncoding = 4; lastKnownFileType = sourcecode.c.h; path = "NSError+FBError.h"; sourceTree = "<group>"; };
		713BBDBF1B4679E6006EBABF /* FacebookSDK */ = {isa = PBXFileReference; lastKnownFileType = archive.ar; name = FacebookSDK; path = FacebookSDK.framework/Versions/A/FacebookSDK; sourceTree = "<group>"; };
		713BBDC11B4679E6006EBABF /* FacebookSDK.h */ = {isa = PBXFileReference; fileEncoding = 4; lastKnownFileType = sourcecode.c.h; path = FacebookSDK.h; sourceTree = "<group>"; };
		713BBDC21B4679E6006EBABF /* FBAccessTokenData.h */ = {isa = PBXFileReference; fileEncoding = 4; lastKnownFileType = sourcecode.c.h; path = FBAccessTokenData.h; sourceTree = "<group>"; };
		713BBDC31B4679E6006EBABF /* FBAppCall.h */ = {isa = PBXFileReference; fileEncoding = 4; lastKnownFileType = sourcecode.c.h; path = FBAppCall.h; sourceTree = "<group>"; };
		713BBDC41B4679E6006EBABF /* FBAppEvents.h */ = {isa = PBXFileReference; fileEncoding = 4; lastKnownFileType = sourcecode.c.h; path = FBAppEvents.h; sourceTree = "<group>"; };
		713BBDC51B4679E6006EBABF /* FBAppLinkData.h */ = {isa = PBXFileReference; fileEncoding = 4; lastKnownFileType = sourcecode.c.h; path = FBAppLinkData.h; sourceTree = "<group>"; };
		713BBDC61B4679E6006EBABF /* FBAppLinkResolver.h */ = {isa = PBXFileReference; fileEncoding = 4; lastKnownFileType = sourcecode.c.h; path = FBAppLinkResolver.h; sourceTree = "<group>"; };
		713BBDC71B4679E6006EBABF /* FBCacheDescriptor.h */ = {isa = PBXFileReference; fileEncoding = 4; lastKnownFileType = sourcecode.c.h; path = FBCacheDescriptor.h; sourceTree = "<group>"; };
		713BBDC81B4679E6006EBABF /* FBColor.h */ = {isa = PBXFileReference; fileEncoding = 4; lastKnownFileType = sourcecode.c.h; path = FBColor.h; sourceTree = "<group>"; };
		713BBDC91B4679E6006EBABF /* FBDialogs.h */ = {isa = PBXFileReference; fileEncoding = 4; lastKnownFileType = sourcecode.c.h; path = FBDialogs.h; sourceTree = "<group>"; };
		713BBDCA1B4679E6006EBABF /* FBDialogsData.h */ = {isa = PBXFileReference; fileEncoding = 4; lastKnownFileType = sourcecode.c.h; path = FBDialogsData.h; sourceTree = "<group>"; };
		713BBDCB1B4679E6006EBABF /* FBDialogsParams.h */ = {isa = PBXFileReference; fileEncoding = 4; lastKnownFileType = sourcecode.c.h; path = FBDialogsParams.h; sourceTree = "<group>"; };
		713BBDCC1B4679E6006EBABF /* FBError.h */ = {isa = PBXFileReference; fileEncoding = 4; lastKnownFileType = sourcecode.c.h; path = FBError.h; sourceTree = "<group>"; };
		713BBDCD1B4679E6006EBABF /* FBErrorUtility.h */ = {isa = PBXFileReference; fileEncoding = 4; lastKnownFileType = sourcecode.c.h; path = FBErrorUtility.h; sourceTree = "<group>"; };
		713BBDCE1B4679E6006EBABF /* FBFrictionlessRecipientCache.h */ = {isa = PBXFileReference; fileEncoding = 4; lastKnownFileType = sourcecode.c.h; path = FBFrictionlessRecipientCache.h; sourceTree = "<group>"; };
		713BBDCF1B4679E6006EBABF /* FBFriendPickerViewController.h */ = {isa = PBXFileReference; fileEncoding = 4; lastKnownFileType = sourcecode.c.h; path = FBFriendPickerViewController.h; sourceTree = "<group>"; };
		713BBDD01B4679E6006EBABF /* FBGraphLocation.h */ = {isa = PBXFileReference; fileEncoding = 4; lastKnownFileType = sourcecode.c.h; path = FBGraphLocation.h; sourceTree = "<group>"; };
		713BBDD11B4679E6006EBABF /* FBGraphObject.h */ = {isa = PBXFileReference; fileEncoding = 4; lastKnownFileType = sourcecode.c.h; path = FBGraphObject.h; sourceTree = "<group>"; };
		713BBDD21B4679E6006EBABF /* FBGraphObjectPickerViewController.h */ = {isa = PBXFileReference; fileEncoding = 4; lastKnownFileType = sourcecode.c.h; path = FBGraphObjectPickerViewController.h; sourceTree = "<group>"; };
		713BBDD31B4679E6006EBABF /* FBGraphPerson.h */ = {isa = PBXFileReference; fileEncoding = 4; lastKnownFileType = sourcecode.c.h; path = FBGraphPerson.h; sourceTree = "<group>"; };
		713BBDD41B4679E6006EBABF /* FBGraphPlace.h */ = {isa = PBXFileReference; fileEncoding = 4; lastKnownFileType = sourcecode.c.h; path = FBGraphPlace.h; sourceTree = "<group>"; };
		713BBDD51B4679E6006EBABF /* FBGraphUser.h */ = {isa = PBXFileReference; fileEncoding = 4; lastKnownFileType = sourcecode.c.h; path = FBGraphUser.h; sourceTree = "<group>"; };
		713BBDD61B4679E6006EBABF /* FBInsights.h */ = {isa = PBXFileReference; fileEncoding = 4; lastKnownFileType = sourcecode.c.h; path = FBInsights.h; sourceTree = "<group>"; };
		713BBDD71B4679E6006EBABF /* FBLikeControl.h */ = {isa = PBXFileReference; fileEncoding = 4; lastKnownFileType = sourcecode.c.h; path = FBLikeControl.h; sourceTree = "<group>"; };
		713BBDD81B4679E6006EBABF /* FBLinkShareParams.h */ = {isa = PBXFileReference; fileEncoding = 4; lastKnownFileType = sourcecode.c.h; path = FBLinkShareParams.h; sourceTree = "<group>"; };
		713BBDD91B4679E6006EBABF /* FBLoginTooltipView.h */ = {isa = PBXFileReference; fileEncoding = 4; lastKnownFileType = sourcecode.c.h; path = FBLoginTooltipView.h; sourceTree = "<group>"; };
		713BBDDA1B4679E6006EBABF /* FBLoginView.h */ = {isa = PBXFileReference; fileEncoding = 4; lastKnownFileType = sourcecode.c.h; path = FBLoginView.h; sourceTree = "<group>"; };
		713BBDDB1B4679E6006EBABF /* FBNativeDialogs.h */ = {isa = PBXFileReference; fileEncoding = 4; lastKnownFileType = sourcecode.c.h; path = FBNativeDialogs.h; sourceTree = "<group>"; };
		713BBDDC1B4679E6006EBABF /* FBOpenGraphAction.h */ = {isa = PBXFileReference; fileEncoding = 4; lastKnownFileType = sourcecode.c.h; path = FBOpenGraphAction.h; sourceTree = "<group>"; };
		713BBDDD1B4679E6006EBABF /* FBOpenGraphActionParams.h */ = {isa = PBXFileReference; fileEncoding = 4; lastKnownFileType = sourcecode.c.h; path = FBOpenGraphActionParams.h; sourceTree = "<group>"; };
		713BBDDE1B4679E6006EBABF /* FBOpenGraphActionShareDialogParams.h */ = {isa = PBXFileReference; fileEncoding = 4; lastKnownFileType = sourcecode.c.h; path = FBOpenGraphActionShareDialogParams.h; sourceTree = "<group>"; };
		713BBDDF1B4679E6006EBABF /* FBOpenGraphObject.h */ = {isa = PBXFileReference; fileEncoding = 4; lastKnownFileType = sourcecode.c.h; path = FBOpenGraphObject.h; sourceTree = "<group>"; };
		713BBDE01B4679E6006EBABF /* FBPeoplePickerViewController.h */ = {isa = PBXFileReference; fileEncoding = 4; lastKnownFileType = sourcecode.c.h; path = FBPeoplePickerViewController.h; sourceTree = "<group>"; };
		713BBDE11B4679E6006EBABF /* FBPhotoParams.h */ = {isa = PBXFileReference; fileEncoding = 4; lastKnownFileType = sourcecode.c.h; path = FBPhotoParams.h; sourceTree = "<group>"; };
		713BBDE21B4679E6006EBABF /* FBPlacePickerViewController.h */ = {isa = PBXFileReference; fileEncoding = 4; lastKnownFileType = sourcecode.c.h; path = FBPlacePickerViewController.h; sourceTree = "<group>"; };
		713BBDE31B4679E6006EBABF /* FBProfilePictureView.h */ = {isa = PBXFileReference; fileEncoding = 4; lastKnownFileType = sourcecode.c.h; path = FBProfilePictureView.h; sourceTree = "<group>"; };
		713BBDE41B4679E6006EBABF /* FBRequest.h */ = {isa = PBXFileReference; fileEncoding = 4; lastKnownFileType = sourcecode.c.h; path = FBRequest.h; sourceTree = "<group>"; };
		713BBDE51B4679E6006EBABF /* FBRequestConnection.h */ = {isa = PBXFileReference; fileEncoding = 4; lastKnownFileType = sourcecode.c.h; path = FBRequestConnection.h; sourceTree = "<group>"; };
		713BBDE61B4679E6006EBABF /* FBSDKMacros.h */ = {isa = PBXFileReference; fileEncoding = 4; lastKnownFileType = sourcecode.c.h; path = FBSDKMacros.h; sourceTree = "<group>"; };
		713BBDE71B4679E6006EBABF /* FBSession.h */ = {isa = PBXFileReference; fileEncoding = 4; lastKnownFileType = sourcecode.c.h; path = FBSession.h; sourceTree = "<group>"; };
		713BBDE81B4679E6006EBABF /* FBSessionTokenCachingStrategy.h */ = {isa = PBXFileReference; fileEncoding = 4; lastKnownFileType = sourcecode.c.h; path = FBSessionTokenCachingStrategy.h; sourceTree = "<group>"; };
		713BBDE91B4679E6006EBABF /* FBSettings.h */ = {isa = PBXFileReference; fileEncoding = 4; lastKnownFileType = sourcecode.c.h; path = FBSettings.h; sourceTree = "<group>"; };
		713BBDEA1B4679E6006EBABF /* FBShareDialogParams.h */ = {isa = PBXFileReference; fileEncoding = 4; lastKnownFileType = sourcecode.c.h; path = FBShareDialogParams.h; sourceTree = "<group>"; };
		713BBDEB1B4679E6006EBABF /* FBShareDialogPhotoParams.h */ = {isa = PBXFileReference; fileEncoding = 4; lastKnownFileType = sourcecode.c.h; path = FBShareDialogPhotoParams.h; sourceTree = "<group>"; };
		713BBDEC1B4679E6006EBABF /* FBTaggableFriendPickerViewController.h */ = {isa = PBXFileReference; fileEncoding = 4; lastKnownFileType = sourcecode.c.h; path = FBTaggableFriendPickerViewController.h; sourceTree = "<group>"; };
		713BBDED1B4679E6006EBABF /* FBTestSession.h */ = {isa = PBXFileReference; fileEncoding = 4; lastKnownFileType = sourcecode.c.h; path = FBTestSession.h; sourceTree = "<group>"; };
		713BBDEE1B4679E6006EBABF /* FBTestUserSession.h */ = {isa = PBXFileReference; fileEncoding = 4; lastKnownFileType = sourcecode.c.h; path = FBTestUserSession.h; sourceTree = "<group>"; };
		713BBDEF1B4679E6006EBABF /* FBTestUsersManager.h */ = {isa = PBXFileReference; fileEncoding = 4; lastKnownFileType = sourcecode.c.h; path = FBTestUsersManager.h; sourceTree = "<group>"; };
		713BBDF01B4679E6006EBABF /* FBTooltipView.h */ = {isa = PBXFileReference; fileEncoding = 4; lastKnownFileType = sourcecode.c.h; path = FBTooltipView.h; sourceTree = "<group>"; };
		713BBDF11B4679E6006EBABF /* FBUserSettingsViewController.h */ = {isa = PBXFileReference; fileEncoding = 4; lastKnownFileType = sourcecode.c.h; path = FBUserSettingsViewController.h; sourceTree = "<group>"; };
		713BBDF21B4679E6006EBABF /* FBViewController.h */ = {isa = PBXFileReference; fileEncoding = 4; lastKnownFileType = sourcecode.c.h; path = FBViewController.h; sourceTree = "<group>"; };
		713BBDF31B4679E6006EBABF /* FBWebDialogs.h */ = {isa = PBXFileReference; fileEncoding = 4; lastKnownFileType = sourcecode.c.h; path = FBWebDialogs.h; sourceTree = "<group>"; };
		713BBDF41B4679E6006EBABF /* NSError+FBError.h */ = {isa = PBXFileReference; fileEncoding = 4; lastKnownFileType = sourcecode.c.h; path = "NSError+FBError.h"; sourceTree = "<group>"; };
		71466A581B4C1A1500F4211C /* BFAppLink.h */ = {isa = PBXFileReference; fileEncoding = 4; lastKnownFileType = sourcecode.c.h; path = BFAppLink.h; sourceTree = "<group>"; };
		71466A591B4C1A1500F4211C /* BFAppLinkNavigation.h */ = {isa = PBXFileReference; fileEncoding = 4; lastKnownFileType = sourcecode.c.h; path = BFAppLinkNavigation.h; sourceTree = "<group>"; };
		71466A5A1B4C1A1500F4211C /* BFAppLinkResolving.h */ = {isa = PBXFileReference; fileEncoding = 4; lastKnownFileType = sourcecode.c.h; path = BFAppLinkResolving.h; sourceTree = "<group>"; };
		71466A5B1B4C1A1500F4211C /* BFAppLinkReturnToRefererController.h */ = {isa = PBXFileReference; fileEncoding = 4; lastKnownFileType = sourcecode.c.h; path = BFAppLinkReturnToRefererController.h; sourceTree = "<group>"; };
		71466A5C1B4C1A1500F4211C /* BFAppLinkReturnToRefererView.h */ = {isa = PBXFileReference; fileEncoding = 4; lastKnownFileType = sourcecode.c.h; path = BFAppLinkReturnToRefererView.h; sourceTree = "<group>"; };
		71466A5D1B4C1A1500F4211C /* BFAppLinkTarget.h */ = {isa = PBXFileReference; fileEncoding = 4; lastKnownFileType = sourcecode.c.h; path = BFAppLinkTarget.h; sourceTree = "<group>"; };
		71466A5E1B4C1A1500F4211C /* BFCancellationToken.h */ = {isa = PBXFileReference; fileEncoding = 4; lastKnownFileType = sourcecode.c.h; path = BFCancellationToken.h; sourceTree = "<group>"; };
		71466A5F1B4C1A1500F4211C /* BFCancellationTokenRegistration.h */ = {isa = PBXFileReference; fileEncoding = 4; lastKnownFileType = sourcecode.c.h; path = BFCancellationTokenRegistration.h; sourceTree = "<group>"; };
		71466A601B4C1A1500F4211C /* BFCancellationTokenSource.h */ = {isa = PBXFileReference; fileEncoding = 4; lastKnownFileType = sourcecode.c.h; path = BFCancellationTokenSource.h; sourceTree = "<group>"; };
		71466A611B4C1A1500F4211C /* BFExecutor.h */ = {isa = PBXFileReference; fileEncoding = 4; lastKnownFileType = sourcecode.c.h; path = BFExecutor.h; sourceTree = "<group>"; };
		71466A621B4C1A1500F4211C /* BFMeasurementEvent.h */ = {isa = PBXFileReference; fileEncoding = 4; lastKnownFileType = sourcecode.c.h; path = BFMeasurementEvent.h; sourceTree = "<group>"; };
		71466A631B4C1A1500F4211C /* BFTask.h */ = {isa = PBXFileReference; fileEncoding = 4; lastKnownFileType = sourcecode.c.h; path = BFTask.h; sourceTree = "<group>"; };
		71466A641B4C1A1500F4211C /* BFTaskCompletionSource.h */ = {isa = PBXFileReference; fileEncoding = 4; lastKnownFileType = sourcecode.c.h; path = BFTaskCompletionSource.h; sourceTree = "<group>"; };
		71466A651B4C1A1500F4211C /* BFURL.h */ = {isa = PBXFileReference; fileEncoding = 4; lastKnownFileType = sourcecode.c.h; path = BFURL.h; sourceTree = "<group>"; };
		71466A661B4C1A1500F4211C /* BFWebViewAppLinkResolver.h */ = {isa = PBXFileReference; fileEncoding = 4; lastKnownFileType = sourcecode.c.h; path = BFWebViewAppLinkResolver.h; sourceTree = "<group>"; };
		71466A671B4C1A1500F4211C /* Bolts.h */ = {isa = PBXFileReference; fileEncoding = 4; lastKnownFileType = sourcecode.c.h; path = Bolts.h; sourceTree = "<group>"; };
		71466A681B4C1A1500F4211C /* BoltsVersion.h */ = {isa = PBXFileReference; fileEncoding = 4; lastKnownFileType = sourcecode.c.h; path = BoltsVersion.h; sourceTree = "<group>"; };
		718C907A18EAC2FB001E2FEC /* facebook_LoginDelegate.h */ = {isa = PBXFileReference; fileEncoding = 4; lastKnownFileType = sourcecode.c.h; path = facebook_LoginDelegate.h; sourceTree = "<group>"; };
		718C907B18EAC2FB001E2FEC /* facebook_LoginDelegate.m */ = {isa = PBXFileReference; fileEncoding = 4; lastKnownFileType = sourcecode.c.objc; path = facebook_LoginDelegate.m; sourceTree = "<group>"; };
		B31B6D4E15C13D5200854074 /* libForgeModule.a */ = {isa = PBXFileReference; explicitFileType = archive.ar; includeInIndex = 0; path = libForgeModule.a; sourceTree = BUILT_PRODUCTS_DIR; };
		B31B6D5115C13D5200854074 /* Foundation.framework */ = {isa = PBXFileReference; lastKnownFileType = wrapper.framework; name = Foundation.framework; path = System/Library/Frameworks/Foundation.framework; sourceTree = SDKROOT; };
		B31B6D6D15C1467100854074 /* plugin.bundle */ = {isa = PBXFileReference; explicitFileType = wrapper.cfbundle; includeInIndex = 0; path = plugin.bundle; sourceTree = BUILT_PRODUCTS_DIR; };
		B31B6D6E15C1467100854074 /* CoreFoundation.framework */ = {isa = PBXFileReference; lastKnownFileType = wrapper.framework; name = CoreFoundation.framework; path = System/Library/Frameworks/CoreFoundation.framework; sourceTree = SDKROOT; };
		B37C3A5C162717A200B50A60 /* ForgeCore.framework */ = {isa = PBXFileReference; lastKnownFileType = wrapper.framework; name = ForgeCore.framework; path = ../ForgeCore.framework; sourceTree = "<group>"; };
		B3FC51F715C151E5003574D9 /* UIKit.framework */ = {isa = PBXFileReference; lastKnownFileType = wrapper.framework; name = UIKit.framework; path = System/Library/Frameworks/UIKit.framework; sourceTree = SDKROOT; };
		B3FC51FE15C1523D003574D9 /* CoreGraphics.framework */ = {isa = PBXFileReference; lastKnownFileType = wrapper.framework; name = CoreGraphics.framework; path = System/Library/Frameworks/CoreGraphics.framework; sourceTree = SDKROOT; };
		B3FC524115C177EA003574D9 /* AssetsLibrary.framework */ = {isa = PBXFileReference; lastKnownFileType = wrapper.framework; name = AssetsLibrary.framework; path = System/Library/Frameworks/AssetsLibrary.framework; sourceTree = SDKROOT; };
		B3FC524715C17B2C003574D9 /* SystemConfiguration.framework */ = {isa = PBXFileReference; lastKnownFileType = wrapper.framework; name = SystemConfiguration.framework; path = System/Library/Frameworks/SystemConfiguration.framework; sourceTree = SDKROOT; };
/* End PBXFileReference section */

/* Begin PBXFrameworksBuildPhase section */
		B31B6D4B15C13D5200854074 /* Frameworks */ = {
			isa = PBXFrameworksBuildPhase;
			buildActionMask = 2147483647;
			files = (
				B3FC524815C17B2C003574D9 /* SystemConfiguration.framework in Frameworks */,
				B3FC524215C177EA003574D9 /* AssetsLibrary.framework in Frameworks */,
				B3FC51FF15C1523D003574D9 /* CoreGraphics.framework in Frameworks */,
				B3FC51F815C151E5003574D9 /* UIKit.framework in Frameworks */,
				713BBDF51B4679E6006EBABF /* FacebookSDK in Frameworks */,
				B31B6D5215C13D5200854074 /* Foundation.framework in Frameworks */,
				B37C3A5D162717A200B50A60 /* ForgeCore.framework in Frameworks */,
			);
			runOnlyForDeploymentPostprocessing = 0;
		};
		B31B6D6A15C1467100854074 /* Frameworks */ = {
			isa = PBXFrameworksBuildPhase;
			buildActionMask = 2147483647;
			files = (
				B31B6D6F15C1467100854074 /* CoreFoundation.framework in Frameworks */,
			);
			runOnlyForDeploymentPostprocessing = 0;
		};
/* End PBXFrameworksBuildPhase section */

/* Begin PBXGroup section */
		713372A216B7D7B900C12AC4 /* facebook */ = {
			isa = PBXGroup;
			children = (
				71334C4616B7D86300F95C9D /* facebook_API.h */,
				71334C4716B7D86300F95C9D /* facebook_API.m */,
				71334C4816B7D86300F95C9D /* facebook_DialogDelegate.h */,
				71334C4916B7D86300F95C9D /* facebook_DialogDelegate.m */,
				71334C4A16B7D86300F95C9D /* facebook_EventListener.h */,
				71334C4B16B7D86300F95C9D /* facebook_EventListener.m */,
				71334C4C16B7D86300F95C9D /* facebook_RequestDelegate.h */,
				71334C4D16B7D86300F95C9D /* facebook_RequestDelegate.m */,
				71334C4E16B7D86300F95C9D /* facebook_Util.h */,
				71334C4F16B7D86300F95C9D /* facebook_Util.m */,
				718C907A18EAC2FB001E2FEC /* facebook_LoginDelegate.h */,
				718C907B18EAC2FB001E2FEC /* facebook_LoginDelegate.m */,
			);
			name = facebook;
			sourceTree = "<group>";
		};
		713BBD841B4679E6006EBABF /* DeprecatedHeaders */ = {
			isa = PBXGroup;
			children = (
				713BBD851B4679E6006EBABF /* Facebook.h */,
				713BBD861B4679E6006EBABF /* FacebookSDK.h */,
				713BBD871B4679E6006EBABF /* FBAccessTokenData.h */,
				713BBD881B4679E6006EBABF /* FBAppCall.h */,
				713BBD891B4679E6006EBABF /* FBAppEvents.h */,
				713BBD8A1B4679E6006EBABF /* FBAppLinkData.h */,
				713BBD8B1B4679E6006EBABF /* FBAppLinkResolver.h */,
				713BBD8C1B4679E6006EBABF /* FBCacheDescriptor.h */,
				713BBD8D1B4679E6006EBABF /* FBColor.h */,
				713BBD8E1B4679E6006EBABF /* FBConnect.h */,
				713BBD8F1B4679E6006EBABF /* FBDialog.h */,
				713BBD901B4679E6006EBABF /* FBDialogs.h */,
				713BBD911B4679E6006EBABF /* FBDialogsData.h */,
				713BBD921B4679E6006EBABF /* FBDialogsParams.h */,
				713BBD931B4679E6006EBABF /* FBError.h */,
				713BBD941B4679E6006EBABF /* FBErrorUtility.h */,
				713BBD951B4679E6006EBABF /* FBFrictionlessRecipientCache.h */,
				713BBD961B4679E6006EBABF /* FBFrictionlessRequestSettings.h */,
				713BBD971B4679E6006EBABF /* FBFriendPickerViewController.h */,
				713BBD981B4679E6006EBABF /* FBGraphLocation.h */,
				713BBD991B4679E6006EBABF /* FBGraphObject.h */,
				713BBD9A1B4679E6006EBABF /* FBGraphObjectPickerViewController.h */,
				713BBD9B1B4679E6006EBABF /* FBGraphPerson.h */,
				713BBD9C1B4679E6006EBABF /* FBGraphPlace.h */,
				713BBD9D1B4679E6006EBABF /* FBGraphUser.h */,
				713BBD9E1B4679E6006EBABF /* FBInsights.h */,
				713BBD9F1B4679E6006EBABF /* FBLikeControl.h */,
				713BBDA01B4679E6006EBABF /* FBLinkShareParams.h */,
				713BBDA11B4679E6006EBABF /* FBLoginDialog.h */,
				713BBDA21B4679E6006EBABF /* FBLoginTooltipView.h */,
				713BBDA31B4679E6006EBABF /* FBLoginView.h */,
				713BBDA41B4679E6006EBABF /* FBNativeDialogs.h */,
				713BBDA51B4679E6006EBABF /* FBOpenGraphAction.h */,
				713BBDA61B4679E6006EBABF /* FBOpenGraphActionParams.h */,
				713BBDA71B4679E6006EBABF /* FBOpenGraphActionShareDialogParams.h */,
				713BBDA81B4679E6006EBABF /* FBOpenGraphObject.h */,
				713BBDA91B4679E6006EBABF /* FBPeoplePickerViewController.h */,
				713BBDAA1B4679E6006EBABF /* FBPhotoParams.h */,
				713BBDAB1B4679E6006EBABF /* FBPlacePickerViewController.h */,
				713BBDAC1B4679E6006EBABF /* FBProfilePictureView.h */,
				713BBDAD1B4679E6006EBABF /* FBRequest.h */,
				713BBDAE1B4679E6006EBABF /* FBRequestConnection.h */,
				713BBDAF1B4679E6006EBABF /* FBSDKMacros.h */,
				713BBDB01B4679E6006EBABF /* FBSession.h */,
				713BBDB11B4679E6006EBABF /* FBSessionManualTokenCachingStrategy.h */,
				713BBDB21B4679E6006EBABF /* FBSessionTokenCachingStrategy.h */,
				713BBDB31B4679E6006EBABF /* FBSettings.h */,
				713BBDB41B4679E6006EBABF /* FBShareDialogParams.h */,
				713BBDB51B4679E6006EBABF /* FBShareDialogPhotoParams.h */,
				713BBDB61B4679E6006EBABF /* FBTaggableFriendPickerViewController.h */,
				713BBDB71B4679E6006EBABF /* FBTestSession.h */,
				713BBDB81B4679E6006EBABF /* FBTestUserSession.h */,
				713BBDB91B4679E6006EBABF /* FBTestUsersManager.h */,
				713BBDBA1B4679E6006EBABF /* FBTooltipView.h */,
				713BBDBB1B4679E6006EBABF /* FBUserSettingsViewController.h */,
				713BBDBC1B4679E6006EBABF /* FBViewController.h */,
				713BBDBD1B4679E6006EBABF /* FBWebDialogs.h */,
				713BBDBE1B4679E6006EBABF /* NSError+FBError.h */,
			);
			name = DeprecatedHeaders;
			path = FacebookSDK.framework/Versions/A/DeprecatedHeaders;
			sourceTree = "<group>";
		};
		713BBDC01B4679E6006EBABF /* Headers */ = {
			isa = PBXGroup;
			children = (
				713BBDC11B4679E6006EBABF /* FacebookSDK.h */,
				713BBDC21B4679E6006EBABF /* FBAccessTokenData.h */,
				713BBDC31B4679E6006EBABF /* FBAppCall.h */,
				713BBDC41B4679E6006EBABF /* FBAppEvents.h */,
				713BBDC51B4679E6006EBABF /* FBAppLinkData.h */,
				713BBDC61B4679E6006EBABF /* FBAppLinkResolver.h */,
				713BBDC71B4679E6006EBABF /* FBCacheDescriptor.h */,
				713BBDC81B4679E6006EBABF /* FBColor.h */,
				713BBDC91B4679E6006EBABF /* FBDialogs.h */,
				713BBDCA1B4679E6006EBABF /* FBDialogsData.h */,
				713BBDCB1B4679E6006EBABF /* FBDialogsParams.h */,
				713BBDCC1B4679E6006EBABF /* FBError.h */,
				713BBDCD1B4679E6006EBABF /* FBErrorUtility.h */,
				713BBDCE1B4679E6006EBABF /* FBFrictionlessRecipientCache.h */,
				713BBDCF1B4679E6006EBABF /* FBFriendPickerViewController.h */,
				713BBDD01B4679E6006EBABF /* FBGraphLocation.h */,
				713BBDD11B4679E6006EBABF /* FBGraphObject.h */,
				713BBDD21B4679E6006EBABF /* FBGraphObjectPickerViewController.h */,
				713BBDD31B4679E6006EBABF /* FBGraphPerson.h */,
				713BBDD41B4679E6006EBABF /* FBGraphPlace.h */,
				713BBDD51B4679E6006EBABF /* FBGraphUser.h */,
				713BBDD61B4679E6006EBABF /* FBInsights.h */,
				713BBDD71B4679E6006EBABF /* FBLikeControl.h */,
				713BBDD81B4679E6006EBABF /* FBLinkShareParams.h */,
				713BBDD91B4679E6006EBABF /* FBLoginTooltipView.h */,
				713BBDDA1B4679E6006EBABF /* FBLoginView.h */,
				713BBDDB1B4679E6006EBABF /* FBNativeDialogs.h */,
				713BBDDC1B4679E6006EBABF /* FBOpenGraphAction.h */,
				713BBDDD1B4679E6006EBABF /* FBOpenGraphActionParams.h */,
				713BBDDE1B4679E6006EBABF /* FBOpenGraphActionShareDialogParams.h */,
				713BBDDF1B4679E6006EBABF /* FBOpenGraphObject.h */,
				713BBDE01B4679E6006EBABF /* FBPeoplePickerViewController.h */,
				713BBDE11B4679E6006EBABF /* FBPhotoParams.h */,
				713BBDE21B4679E6006EBABF /* FBPlacePickerViewController.h */,
				713BBDE31B4679E6006EBABF /* FBProfilePictureView.h */,
				713BBDE41B4679E6006EBABF /* FBRequest.h */,
				713BBDE51B4679E6006EBABF /* FBRequestConnection.h */,
				713BBDE61B4679E6006EBABF /* FBSDKMacros.h */,
				713BBDE71B4679E6006EBABF /* FBSession.h */,
				713BBDE81B4679E6006EBABF /* FBSessionTokenCachingStrategy.h */,
				713BBDE91B4679E6006EBABF /* FBSettings.h */,
				713BBDEA1B4679E6006EBABF /* FBShareDialogParams.h */,
				713BBDEB1B4679E6006EBABF /* FBShareDialogPhotoParams.h */,
				713BBDEC1B4679E6006EBABF /* FBTaggableFriendPickerViewController.h */,
				713BBDED1B4679E6006EBABF /* FBTestSession.h */,
				713BBDEE1B4679E6006EBABF /* FBTestUserSession.h */,
				713BBDEF1B4679E6006EBABF /* FBTestUsersManager.h */,
				713BBDF01B4679E6006EBABF /* FBTooltipView.h */,
				713BBDF11B4679E6006EBABF /* FBUserSettingsViewController.h */,
				713BBDF21B4679E6006EBABF /* FBViewController.h */,
				713BBDF31B4679E6006EBABF /* FBWebDialogs.h */,
				713BBDF41B4679E6006EBABF /* NSError+FBError.h */,
			);
			name = Headers;
			path = FacebookSDK.framework/Versions/A/Headers;
			sourceTree = "<group>";
		};
		713BBDF71B467C9F006EBABF /* Bolts.framework */ = {
			isa = PBXGroup;
			children = (
				71466A571B4C1A1500F4211C /* Headers */,
			);
			name = Bolts.framework;
			sourceTree = "<group>";
		};
		71466A571B4C1A1500F4211C /* Headers */ = {
			isa = PBXGroup;
			children = (
				71466A581B4C1A1500F4211C /* BFAppLink.h */,
				71466A591B4C1A1500F4211C /* BFAppLinkNavigation.h */,
				71466A5A1B4C1A1500F4211C /* BFAppLinkResolving.h */,
				71466A5B1B4C1A1500F4211C /* BFAppLinkReturnToRefererController.h */,
				71466A5C1B4C1A1500F4211C /* BFAppLinkReturnToRefererView.h */,
				71466A5D1B4C1A1500F4211C /* BFAppLinkTarget.h */,
				71466A5E1B4C1A1500F4211C /* BFCancellationToken.h */,
				71466A5F1B4C1A1500F4211C /* BFCancellationTokenRegistration.h */,
				71466A601B4C1A1500F4211C /* BFCancellationTokenSource.h */,
				71466A611B4C1A1500F4211C /* BFExecutor.h */,
				71466A621B4C1A1500F4211C /* BFMeasurementEvent.h */,
				71466A631B4C1A1500F4211C /* BFTask.h */,
				71466A641B4C1A1500F4211C /* BFTaskCompletionSource.h */,
				71466A651B4C1A1500F4211C /* BFURL.h */,
				71466A661B4C1A1500F4211C /* BFWebViewAppLinkResolver.h */,
				71466A671B4C1A1500F4211C /* Bolts.h */,
				71466A681B4C1A1500F4211C /* BoltsVersion.h */,
			);
			name = Headers;
			path = Bolts.framework/Headers;
			sourceTree = "<group>";
		};
		71AE75CD19AF5B5900B2B5D8 /* FacebookSDK.framework */ = {
			isa = PBXGroup;
			children = (
				713BBD841B4679E6006EBABF /* DeprecatedHeaders */,
				713BBDBF1B4679E6006EBABF /* FacebookSDK */,
				713BBDC01B4679E6006EBABF /* Headers */,
			);
			name = FacebookSDK.framework;
			sourceTree = "<group>";
		};
		B31B6D4315C13D5200854074 = {
			isa = PBXGroup;
			children = (
				713372A216B7D7B900C12AC4 /* facebook */,
				B31B6D5015C13D5200854074 /* Frameworks */,
				B31B6D4F15C13D5200854074 /* Products */,
			);
			sourceTree = "<group>";
		};
		B31B6D4F15C13D5200854074 /* Products */ = {
			isa = PBXGroup;
			children = (
				B31B6D4E15C13D5200854074 /* libForgeModule.a */,
				B31B6D6D15C1467100854074 /* plugin.bundle */,
			);
			name = Products;
			sourceTree = "<group>";
		};
		B31B6D5015C13D5200854074 /* Frameworks */ = {
			isa = PBXGroup;
			children = (
				713BBDF71B467C9F006EBABF /* Bolts.framework */,
				71AE75CD19AF5B5900B2B5D8 /* FacebookSDK.framework */,
				B37C3A5C162717A200B50A60 /* ForgeCore.framework */,
				B3FC524715C17B2C003574D9 /* SystemConfiguration.framework */,
				B3FC524115C177EA003574D9 /* AssetsLibrary.framework */,
				B3FC51FE15C1523D003574D9 /* CoreGraphics.framework */,
				B3FC51F715C151E5003574D9 /* UIKit.framework */,
				B31B6D5115C13D5200854074 /* Foundation.framework */,
				B31B6D6E15C1467100854074 /* CoreFoundation.framework */,
			);
			name = Frameworks;
			sourceTree = "<group>";
		};
/* End PBXGroup section */

/* Begin PBXNativeTarget section */
		B31B6D4D15C13D5200854074 /* ForgeModule */ = {
			isa = PBXNativeTarget;
			buildConfigurationList = B31B6D5C15C13D5200854074 /* Build configuration list for PBXNativeTarget "ForgeModule" */;
			buildPhases = (
				B31B6D4A15C13D5200854074 /* Sources */,
				B31B6D4B15C13D5200854074 /* Frameworks */,
			);
			buildRules = (
			);
			dependencies = (
			);
			name = ForgeModule;
			productName = ForgeCore;
			productReference = B31B6D4E15C13D5200854074 /* libForgeModule.a */;
			productType = "com.apple.product-type.library.static";
		};
		B31B6D6C15C1467100854074 /* ForgeModuleResources */ = {
			isa = PBXNativeTarget;
			buildConfigurationList = B31B6D7715C1467100854074 /* Build configuration list for PBXNativeTarget "ForgeModuleResources" */;
			buildPhases = (
				B31B6D6915C1467100854074 /* Sources */,
				B31B6D6A15C1467100854074 /* Frameworks */,
				B31B6D6B15C1467100854074 /* Resources */,
			);
			buildRules = (
			);
			dependencies = (
			);
			name = ForgeModuleResources;
			productName = ForgeCoreResources;
			productReference = B31B6D6D15C1467100854074 /* plugin.bundle */;
			productType = "com.apple.product-type.bundle";
		};
/* End PBXNativeTarget section */

/* Begin PBXProject section */
		B31B6D4515C13D5200854074 /* Project object */ = {
			isa = PBXProject;
			attributes = {
				LastUpgradeCheck = 0640;
				ORGANIZATIONNAME = "Trigger Corp";
			};
			buildConfigurationList = B31B6D4815C13D5200854074 /* Build configuration list for PBXProject "ForgeModule" */;
			compatibilityVersion = "Xcode 3.2";
			developmentRegion = English;
			hasScannedForEncodings = 0;
			knownRegions = (
				en,
			);
			mainGroup = B31B6D4315C13D5200854074;
			productRefGroup = B31B6D4F15C13D5200854074 /* Products */;
			projectDirPath = "";
			projectRoot = "";
			targets = (
				B31B6D4D15C13D5200854074 /* ForgeModule */,
				B31B6D6C15C1467100854074 /* ForgeModuleResources */,
			);
		};
/* End PBXProject section */

/* Begin PBXResourcesBuildPhase section */
		B31B6D6B15C1467100854074 /* Resources */ = {
			isa = PBXResourcesBuildPhase;
			buildActionMask = 2147483647;
			files = (
			);
			runOnlyForDeploymentPostprocessing = 0;
		};
/* End PBXResourcesBuildPhase section */

/* Begin PBXSourcesBuildPhase section */
		B31B6D4A15C13D5200854074 /* Sources */ = {
			isa = PBXSourcesBuildPhase;
			buildActionMask = 2147483647;
			files = (
				71334C5016B7D86300F95C9D /* facebook_API.m in Sources */,
				71334C5116B7D86300F95C9D /* facebook_DialogDelegate.m in Sources */,
				71334C5216B7D86300F95C9D /* facebook_EventListener.m in Sources */,
				718C907C18EAC2FB001E2FEC /* facebook_LoginDelegate.m in Sources */,
				71334C5316B7D86300F95C9D /* facebook_RequestDelegate.m in Sources */,
				71334C5416B7D86300F95C9D /* facebook_Util.m in Sources */,
			);
			runOnlyForDeploymentPostprocessing = 0;
		};
		B31B6D6915C1467100854074 /* Sources */ = {
			isa = PBXSourcesBuildPhase;
			buildActionMask = 2147483647;
			files = (
			);
			runOnlyForDeploymentPostprocessing = 0;
		};
/* End PBXSourcesBuildPhase section */

/* Begin XCBuildConfiguration section */
		B31B6D5A15C13D5200854074 /* Debug */ = {
			isa = XCBuildConfiguration;
			buildSettings = {
				ALWAYS_SEARCH_USER_PATHS = YES;
				CLANG_CXX_LANGUAGE_STANDARD = "gnu++0x";
				CLANG_ENABLE_OBJC_ARC = YES;
				CLANG_WARN_BOOL_CONVERSION = YES;
				CLANG_WARN_CONSTANT_CONVERSION = YES;
				CLANG_WARN_EMPTY_BODY = YES;
				CLANG_WARN_ENUM_CONVERSION = YES;
				CLANG_WARN_INT_CONVERSION = YES;
				CLANG_WARN_UNREACHABLE_CODE = YES;
				CLANG_WARN__DUPLICATE_METHOD_MATCH = YES;
				COPY_PHASE_STRIP = NO;
				DEBUG_INFORMATION_FORMAT = dwarf;
				ENABLE_BITCODE = NO;
				ENABLE_STRICT_OBJC_MSGSEND = YES;
				GCC_C_LANGUAGE_STANDARD = gnu99;
				GCC_DYNAMIC_NO_PIC = NO;
				GCC_NO_COMMON_BLOCKS = YES;
				GCC_OPTIMIZATION_LEVEL = 0;
				GCC_PREPROCESSOR_DEFINITIONS = (
					"DEBUG=1",
					"$(inherited)",
				);
				GCC_SYMBOLS_PRIVATE_EXTERN = NO;
				GCC_VERSION = com.apple.compilers.llvm.clang.1_0;
				GCC_WARN_64_TO_32_BIT_CONVERSION = YES;
				GCC_WARN_ABOUT_RETURN_TYPE = YES;
				GCC_WARN_UNDECLARED_SELECTOR = YES;
				GCC_WARN_UNINITIALIZED_AUTOS = YES;
				GCC_WARN_UNUSED_FUNCTION = YES;
				GCC_WARN_UNUSED_VARIABLE = YES;
				IPHONEOS_DEPLOYMENT_TARGET = 6.0;
				ONLY_ACTIVE_ARCH = YES;
				SDKROOT = iphoneos;
				VALID_ARCHS = "armv7 armv7s arm64 i386 x86_64";
			};
			name = Debug;
		};
		B31B6D5B15C13D5200854074 /* Release */ = {
			isa = XCBuildConfiguration;
			buildSettings = {
				ALWAYS_SEARCH_USER_PATHS = YES;
				CLANG_CXX_LANGUAGE_STANDARD = "gnu++0x";
				CLANG_ENABLE_OBJC_ARC = YES;
				CLANG_WARN_BOOL_CONVERSION = YES;
				CLANG_WARN_CONSTANT_CONVERSION = YES;
				CLANG_WARN_EMPTY_BODY = YES;
				CLANG_WARN_ENUM_CONVERSION = YES;
				CLANG_WARN_INT_CONVERSION = YES;
				CLANG_WARN_UNREACHABLE_CODE = YES;
				CLANG_WARN__DUPLICATE_METHOD_MATCH = YES;
				COPY_PHASE_STRIP = YES;
				DEBUG_INFORMATION_FORMAT = dwarf;
				ENABLE_BITCODE = NO;
				ENABLE_STRICT_OBJC_MSGSEND = YES;
				GCC_C_LANGUAGE_STANDARD = gnu99;
				GCC_NO_COMMON_BLOCKS = YES;
				GCC_VERSION = com.apple.compilers.llvm.clang.1_0;
				GCC_WARN_64_TO_32_BIT_CONVERSION = YES;
				GCC_WARN_ABOUT_RETURN_TYPE = YES;
				GCC_WARN_UNDECLARED_SELECTOR = YES;
				GCC_WARN_UNINITIALIZED_AUTOS = YES;
				GCC_WARN_UNUSED_FUNCTION = YES;
				GCC_WARN_UNUSED_VARIABLE = YES;
				IPHONEOS_DEPLOYMENT_TARGET = 6.0;
				SDKROOT = iphoneos;
				VALIDATE_PRODUCT = YES;
				VALID_ARCHS = "armv7 armv7s arm64 i386 x86_64";
			};
			name = Release;
		};
		B31B6D5D15C13D5200854074 /* Debug */ = {
			isa = XCBuildConfiguration;
			buildSettings = {
				COPY_PHASE_STRIP = NO;
				DEAD_CODE_STRIPPING = NO;
				DEBUG_INFORMATION_FORMAT = dwarf;
				ENABLE_BITCODE = NO;
				FRAMEWORK_SEARCH_PATHS = (
					"$(inherited)",
					"\"$(SRCROOT)\"",
					"\"$(SRCROOT)/..\"",
				);
				GCC_PRECOMPILE_PREFIX_HEADER = YES;
				GCC_PREFIX_HEADER = "ForgeModule-Prefix.pch";
				HEADER_SEARCH_PATHS = "./**";
				LIBRARY_SEARCH_PATHS = (
					"$(inherited)",
					"\"$(SRCROOT)/FacebookSDK.framework\"",
					"$(PROJECT_DIR)/FacebookSDK.framework/Versions/A",
					"$(PROJECT_DIR)/Bolts.framework",
				);
				OTHER_LDFLAGS = "-ObjC";
				PRODUCT_NAME = "$(TARGET_NAME)";
				SDKROOT = iphoneos;
				SKIP_INSTALL = YES;
				STRIP_STYLE = "non-global";
			};
			name = Debug;
		};
		B31B6D5E15C13D5200854074 /* Release */ = {
			isa = XCBuildConfiguration;
			buildSettings = {
				COPY_PHASE_STRIP = NO;
				DEAD_CODE_STRIPPING = NO;
				DEBUG_INFORMATION_FORMAT = dwarf;
				ENABLE_BITCODE = NO;
				FRAMEWORK_SEARCH_PATHS = (
					"$(inherited)",
					"\"$(SRCROOT)\"",
					"\"$(SRCROOT)/..\"",
				);
				GCC_PRECOMPILE_PREFIX_HEADER = YES;
				GCC_PREFIX_HEADER = "ForgeModule-Prefix.pch";
				HEADER_SEARCH_PATHS = "./**";
				LIBRARY_SEARCH_PATHS = (
					"$(inherited)",
					"\"$(SRCROOT)/FacebookSDK.framework\"",
					"$(PROJECT_DIR)/FacebookSDK.framework/Versions/A",
					"$(PROJECT_DIR)/Bolts.framework",
				);
				OTHER_LDFLAGS = "-ObjC";
				PRODUCT_NAME = "$(TARGET_NAME)";
				SDKROOT = iphoneos;
				SKIP_INSTALL = YES;
				STRIP_STYLE = "non-global";
			};
			name = Release;
		};
		B31B6D7815C1467100854074 /* Debug */ = {
			isa = XCBuildConfiguration;
			buildSettings = {
				FRAMEWORK_SEARCH_PATHS = (
					"$(inherited)",
					"\"$(SRCROOT)\"",
				);
				GCC_ENABLE_OBJC_EXCEPTIONS = YES;
				GCC_PRECOMPILE_PREFIX_HEADER = YES;
				GCC_PREFIX_HEADER = "";
				GCC_WARN_64_TO_32_BIT_CONVERSION = YES;
				INFOPLIST_FILE = "";
				INSTALL_PATH = "$(LOCAL_LIBRARY_DIR)/Bundles";
				MACOSX_DEPLOYMENT_TARGET = 10.7;
				ONLY_ACTIVE_ARCH = NO;
				PRODUCT_NAME = plugin;
				SDKROOT = iphoneos;
				WRAPPER_EXTENSION = bundle;
			};
			name = Debug;
		};
		B31B6D7915C1467100854074 /* Release */ = {
			isa = XCBuildConfiguration;
			buildSettings = {
				DEBUG_INFORMATION_FORMAT = "dwarf-with-dsym";
				FRAMEWORK_SEARCH_PATHS = (
					"$(inherited)",
					"\"$(SRCROOT)\"",
				);
				GCC_ENABLE_OBJC_EXCEPTIONS = YES;
				GCC_PRECOMPILE_PREFIX_HEADER = YES;
				GCC_PREFIX_HEADER = "";
				GCC_WARN_64_TO_32_BIT_CONVERSION = YES;
				INFOPLIST_FILE = "";
				INSTALL_PATH = "$(LOCAL_LIBRARY_DIR)/Bundles";
				MACOSX_DEPLOYMENT_TARGET = 10.7;
				ONLY_ACTIVE_ARCH = NO;
				PRODUCT_NAME = plugin;
				SDKROOT = iphoneos;
				WRAPPER_EXTENSION = bundle;
			};
			name = Release;
		};
/* End XCBuildConfiguration section */

/* Begin XCConfigurationList section */
		B31B6D4815C13D5200854074 /* Build configuration list for PBXProject "ForgeModule" */ = {
			isa = XCConfigurationList;
			buildConfigurations = (
				B31B6D5A15C13D5200854074 /* Debug */,
				B31B6D5B15C13D5200854074 /* Release */,
			);
			defaultConfigurationIsVisible = 0;
			defaultConfigurationName = Release;
		};
		B31B6D5C15C13D5200854074 /* Build configuration list for PBXNativeTarget "ForgeModule" */ = {
			isa = XCConfigurationList;
			buildConfigurations = (
				B31B6D5D15C13D5200854074 /* Debug */,
				B31B6D5E15C13D5200854074 /* Release */,
			);
			defaultConfigurationIsVisible = 0;
			defaultConfigurationName = Release;
		};
		B31B6D7715C1467100854074 /* Build configuration list for PBXNativeTarget "ForgeModuleResources" */ = {
			isa = XCConfigurationList;
			buildConfigurations = (
				B31B6D7815C1467100854074 /* Debug */,
				B31B6D7915C1467100854074 /* Release */,
			);
			defaultConfigurationIsVisible = 0;
			defaultConfigurationName = Release;
		};
/* End XCConfigurationList section */
	};
	rootObject = B31B6D4515C13D5200854074 /* Project object */;
}
