// !$*UTF8*$!
{
	archiveVersion = 1;
	classes = {
	};
	objectVersion = 46;
	objects = {

/* Begin PBXBuildFile section */
		71334C5016B7D86300F95C9D /* facebook_API.m in Sources */ = {isa = PBXBuildFile; fileRef = 71334C4716B7D86300F95C9D /* facebook_API.m */; };
		71334C5116B7D86300F95C9D /* facebook_DialogDelegate.m in Sources */ = {isa = PBXBuildFile; fileRef = 71334C4916B7D86300F95C9D /* facebook_DialogDelegate.m */; };
		71334C5216B7D86300F95C9D /* facebook_EventListener.m in Sources */ = {isa = PBXBuildFile; fileRef = 71334C4B16B7D86300F95C9D /* facebook_EventListener.m */; };
		71334C5316B7D86300F95C9D /* facebook_RequestDelegate.m in Sources */ = {isa = PBXBuildFile; fileRef = 71334C4D16B7D86300F95C9D /* facebook_RequestDelegate.m */; };
		71334C5416B7D86300F95C9D /* facebook_Util.m in Sources */ = {isa = PBXBuildFile; fileRef = 71334C4F16B7D86300F95C9D /* facebook_Util.m */; };
		718C907C18EAC2FB001E2FEC /* facebook_LoginDelegate.m in Sources */ = {isa = PBXBuildFile; fileRef = 718C907B18EAC2FB001E2FEC /* facebook_LoginDelegate.m */; };
		71AE75CF19AF5B6A00B2B5D8 /* FacebookSDK in Frameworks */ = {isa = PBXBuildFile; fileRef = 71AE75CE19AF5B6A00B2B5D8 /* FacebookSDK */; };
		B31B6D5215C13D5200854074 /* Foundation.framework in Frameworks */ = {isa = PBXBuildFile; fileRef = B31B6D5115C13D5200854074 /* Foundation.framework */; };
		B31B6D6F15C1467100854074 /* CoreFoundation.framework in Frameworks */ = {isa = PBXBuildFile; fileRef = B31B6D6E15C1467100854074 /* CoreFoundation.framework */; };
		B37C3A5D162717A200B50A60 /* ForgeCore.framework in Frameworks */ = {isa = PBXBuildFile; fileRef = B37C3A5C162717A200B50A60 /* ForgeCore.framework */; };
		B3FC51F815C151E5003574D9 /* UIKit.framework in Frameworks */ = {isa = PBXBuildFile; fileRef = B3FC51F715C151E5003574D9 /* UIKit.framework */; };
		B3FC51FF15C1523D003574D9 /* CoreGraphics.framework in Frameworks */ = {isa = PBXBuildFile; fileRef = B3FC51FE15C1523D003574D9 /* CoreGraphics.framework */; };
		B3FC524215C177EA003574D9 /* AssetsLibrary.framework in Frameworks */ = {isa = PBXBuildFile; fileRef = B3FC524115C177EA003574D9 /* AssetsLibrary.framework */; };
		B3FC524815C17B2C003574D9 /* SystemConfiguration.framework in Frameworks */ = {isa = PBXBuildFile; fileRef = B3FC524715C17B2C003574D9 /* SystemConfiguration.framework */; };
/* End PBXBuildFile section */

/* Begin PBXFileReference section */
		71334C4616B7D86300F95C9D /* facebook_API.h */ = {isa = PBXFileReference; fileEncoding = 4; lastKnownFileType = sourcecode.c.h; path = facebook_API.h; sourceTree = "<group>"; };
		71334C4716B7D86300F95C9D /* facebook_API.m */ = {isa = PBXFileReference; fileEncoding = 4; lastKnownFileType = sourcecode.c.objc; path = facebook_API.m; sourceTree = "<group>"; usesTabs = 1; };
		71334C4816B7D86300F95C9D /* facebook_DialogDelegate.h */ = {isa = PBXFileReference; fileEncoding = 4; lastKnownFileType = sourcecode.c.h; path = facebook_DialogDelegate.h; sourceTree = "<group>"; };
		71334C4916B7D86300F95C9D /* facebook_DialogDelegate.m */ = {isa = PBXFileReference; fileEncoding = 4; lastKnownFileType = sourcecode.c.objc; path = facebook_DialogDelegate.m; sourceTree = "<group>"; };
		71334C4A16B7D86300F95C9D /* facebook_EventListener.h */ = {isa = PBXFileReference; fileEncoding = 4; lastKnownFileType = sourcecode.c.h; path = facebook_EventListener.h; sourceTree = "<group>"; };
		71334C4B16B7D86300F95C9D /* facebook_EventListener.m */ = {isa = PBXFileReference; fileEncoding = 4; lastKnownFileType = sourcecode.c.objc; path = facebook_EventListener.m; sourceTree = "<group>"; };
		71334C4C16B7D86300F95C9D /* facebook_RequestDelegate.h */ = {isa = PBXFileReference; fileEncoding = 4; lastKnownFileType = sourcecode.c.h; path = facebook_RequestDelegate.h; sourceTree = "<group>"; };
		71334C4D16B7D86300F95C9D /* facebook_RequestDelegate.m */ = {isa = PBXFileReference; fileEncoding = 4; lastKnownFileType = sourcecode.c.objc; path = facebook_RequestDelegate.m; sourceTree = "<group>"; };
		71334C4E16B7D86300F95C9D /* facebook_Util.h */ = {isa = PBXFileReference; fileEncoding = 4; lastKnownFileType = sourcecode.c.h; path = facebook_Util.h; sourceTree = "<group>"; };
		71334C4F16B7D86300F95C9D /* facebook_Util.m */ = {isa = PBXFileReference; fileEncoding = 4; lastKnownFileType = sourcecode.c.objc; path = facebook_Util.m; sourceTree = "<group>"; };
		718C907A18EAC2FB001E2FEC /* facebook_LoginDelegate.h */ = {isa = PBXFileReference; fileEncoding = 4; lastKnownFileType = sourcecode.c.h; path = facebook_LoginDelegate.h; sourceTree = "<group>"; };
		718C907B18EAC2FB001E2FEC /* facebook_LoginDelegate.m */ = {isa = PBXFileReference; fileEncoding = 4; lastKnownFileType = sourcecode.c.objc; path = facebook_LoginDelegate.m; sourceTree = "<group>"; };
		71AE759519AF5B3D00B2B5D8 /* Facebook.h */ = {isa = PBXFileReference; fileEncoding = 4; lastKnownFileType = sourcecode.c.h; path = Facebook.h; sourceTree = "<group>"; };
		71AE759619AF5B3D00B2B5D8 /* FacebookSDK.h */ = {isa = PBXFileReference; fileEncoding = 4; lastKnownFileType = sourcecode.c.h; path = FacebookSDK.h; sourceTree = "<group>"; };
		71AE759719AF5B3D00B2B5D8 /* FBAccessTokenData.h */ = {isa = PBXFileReference; fileEncoding = 4; lastKnownFileType = sourcecode.c.h; path = FBAccessTokenData.h; sourceTree = "<group>"; };
		71AE759819AF5B3D00B2B5D8 /* FBAppCall.h */ = {isa = PBXFileReference; fileEncoding = 4; lastKnownFileType = sourcecode.c.h; path = FBAppCall.h; sourceTree = "<group>"; };
		71AE759919AF5B3D00B2B5D8 /* FBAppEvents.h */ = {isa = PBXFileReference; fileEncoding = 4; lastKnownFileType = sourcecode.c.h; path = FBAppEvents.h; sourceTree = "<group>"; };
		71AE759A19AF5B3D00B2B5D8 /* FBAppLinkData.h */ = {isa = PBXFileReference; fileEncoding = 4; lastKnownFileType = sourcecode.c.h; path = FBAppLinkData.h; sourceTree = "<group>"; };
		71AE759B19AF5B3D00B2B5D8 /* FBAppLinkResolver.h */ = {isa = PBXFileReference; fileEncoding = 4; lastKnownFileType = sourcecode.c.h; path = FBAppLinkResolver.h; sourceTree = "<group>"; };
		71AE759C19AF5B3D00B2B5D8 /* FBCacheDescriptor.h */ = {isa = PBXFileReference; fileEncoding = 4; lastKnownFileType = sourcecode.c.h; path = FBCacheDescriptor.h; sourceTree = "<group>"; };
		71AE759D19AF5B3D00B2B5D8 /* FBColor.h */ = {isa = PBXFileReference; fileEncoding = 4; lastKnownFileType = sourcecode.c.h; path = FBColor.h; sourceTree = "<group>"; };
		71AE759E19AF5B3D00B2B5D8 /* FBConnect.h */ = {isa = PBXFileReference; fileEncoding = 4; lastKnownFileType = sourcecode.c.h; path = FBConnect.h; sourceTree = "<group>"; };
		71AE759F19AF5B3D00B2B5D8 /* FBDialog.h */ = {isa = PBXFileReference; fileEncoding = 4; lastKnownFileType = sourcecode.c.h; path = FBDialog.h; sourceTree = "<group>"; };
		71AE75A019AF5B3D00B2B5D8 /* FBDialogs.h */ = {isa = PBXFileReference; fileEncoding = 4; lastKnownFileType = sourcecode.c.h; path = FBDialogs.h; sourceTree = "<group>"; };
		71AE75A119AF5B3D00B2B5D8 /* FBDialogsData.h */ = {isa = PBXFileReference; fileEncoding = 4; lastKnownFileType = sourcecode.c.h; path = FBDialogsData.h; sourceTree = "<group>"; };
		71AE75A219AF5B3D00B2B5D8 /* FBDialogsParams.h */ = {isa = PBXFileReference; fileEncoding = 4; lastKnownFileType = sourcecode.c.h; path = FBDialogsParams.h; sourceTree = "<group>"; };
		71AE75A319AF5B3D00B2B5D8 /* FBError.h */ = {isa = PBXFileReference; fileEncoding = 4; lastKnownFileType = sourcecode.c.h; path = FBError.h; sourceTree = "<group>"; };
		71AE75A419AF5B3D00B2B5D8 /* FBErrorUtility.h */ = {isa = PBXFileReference; fileEncoding = 4; lastKnownFileType = sourcecode.c.h; path = FBErrorUtility.h; sourceTree = "<group>"; };
		71AE75A519AF5B3D00B2B5D8 /* FBFrictionlessRecipientCache.h */ = {isa = PBXFileReference; fileEncoding = 4; lastKnownFileType = sourcecode.c.h; path = FBFrictionlessRecipientCache.h; sourceTree = "<group>"; };
		71AE75A619AF5B3D00B2B5D8 /* FBFrictionlessRequestSettings.h */ = {isa = PBXFileReference; fileEncoding = 4; lastKnownFileType = sourcecode.c.h; path = FBFrictionlessRequestSettings.h; sourceTree = "<group>"; };
		71AE75A719AF5B3D00B2B5D8 /* FBFriendPickerViewController.h */ = {isa = PBXFileReference; fileEncoding = 4; lastKnownFileType = sourcecode.c.h; path = FBFriendPickerViewController.h; sourceTree = "<group>"; };
		71AE75A819AF5B3D00B2B5D8 /* FBGraphLocation.h */ = {isa = PBXFileReference; fileEncoding = 4; lastKnownFileType = sourcecode.c.h; path = FBGraphLocation.h; sourceTree = "<group>"; };
		71AE75A919AF5B3D00B2B5D8 /* FBGraphObject.h */ = {isa = PBXFileReference; fileEncoding = 4; lastKnownFileType = sourcecode.c.h; path = FBGraphObject.h; sourceTree = "<group>"; };
		71AE75AA19AF5B3D00B2B5D8 /* FBGraphObjectPickerViewController.h */ = {isa = PBXFileReference; fileEncoding = 4; lastKnownFileType = sourcecode.c.h; path = FBGraphObjectPickerViewController.h; sourceTree = "<group>"; };
		71AE75AB19AF5B3D00B2B5D8 /* FBGraphPerson.h */ = {isa = PBXFileReference; fileEncoding = 4; lastKnownFileType = sourcecode.c.h; path = FBGraphPerson.h; sourceTree = "<group>"; };
		71AE75AC19AF5B3D00B2B5D8 /* FBGraphPlace.h */ = {isa = PBXFileReference; fileEncoding = 4; lastKnownFileType = sourcecode.c.h; path = FBGraphPlace.h; sourceTree = "<group>"; };
		71AE75AD19AF5B3D00B2B5D8 /* FBGraphUser.h */ = {isa = PBXFileReference; fileEncoding = 4; lastKnownFileType = sourcecode.c.h; path = FBGraphUser.h; sourceTree = "<group>"; };
		71AE75AE19AF5B3D00B2B5D8 /* FBInsights.h */ = {isa = PBXFileReference; fileEncoding = 4; lastKnownFileType = sourcecode.c.h; path = FBInsights.h; sourceTree = "<group>"; };
		71AE75AF19AF5B3D00B2B5D8 /* FBLikeControl.h */ = {isa = PBXFileReference; fileEncoding = 4; lastKnownFileType = sourcecode.c.h; path = FBLikeControl.h; sourceTree = "<group>"; };
		71AE75B019AF5B3D00B2B5D8 /* FBLinkShareParams.h */ = {isa = PBXFileReference; fileEncoding = 4; lastKnownFileType = sourcecode.c.h; path = FBLinkShareParams.h; sourceTree = "<group>"; };
		71AE75B119AF5B3D00B2B5D8 /* FBLoginDialog.h */ = {isa = PBXFileReference; fileEncoding = 4; lastKnownFileType = sourcecode.c.h; path = FBLoginDialog.h; sourceTree = "<group>"; };
		71AE75B219AF5B3D00B2B5D8 /* FBLoginTooltipView.h */ = {isa = PBXFileReference; fileEncoding = 4; lastKnownFileType = sourcecode.c.h; path = FBLoginTooltipView.h; sourceTree = "<group>"; };
		71AE75B319AF5B3D00B2B5D8 /* FBLoginView.h */ = {isa = PBXFileReference; fileEncoding = 4; lastKnownFileType = sourcecode.c.h; path = FBLoginView.h; sourceTree = "<group>"; };
		71AE75B419AF5B3D00B2B5D8 /* FBNativeDialogs.h */ = {isa = PBXFileReference; fileEncoding = 4; lastKnownFileType = sourcecode.c.h; path = FBNativeDialogs.h; sourceTree = "<group>"; };
		71AE75B519AF5B3D00B2B5D8 /* FBOpenGraphAction.h */ = {isa = PBXFileReference; fileEncoding = 4; lastKnownFileType = sourcecode.c.h; path = FBOpenGraphAction.h; sourceTree = "<group>"; };
		71AE75B619AF5B3D00B2B5D8 /* FBOpenGraphActionParams.h */ = {isa = PBXFileReference; fileEncoding = 4; lastKnownFileType = sourcecode.c.h; path = FBOpenGraphActionParams.h; sourceTree = "<group>"; };
		71AE75B719AF5B3D00B2B5D8 /* FBOpenGraphActionShareDialogParams.h */ = {isa = PBXFileReference; fileEncoding = 4; lastKnownFileType = sourcecode.c.h; path = FBOpenGraphActionShareDialogParams.h; sourceTree = "<group>"; };
		71AE75B819AF5B3D00B2B5D8 /* FBOpenGraphObject.h */ = {isa = PBXFileReference; fileEncoding = 4; lastKnownFileType = sourcecode.c.h; path = FBOpenGraphObject.h; sourceTree = "<group>"; };
		71AE75B919AF5B3D00B2B5D8 /* FBPeoplePickerViewController.h */ = {isa = PBXFileReference; fileEncoding = 4; lastKnownFileType = sourcecode.c.h; path = FBPeoplePickerViewController.h; sourceTree = "<group>"; };
		71AE75BA19AF5B3D00B2B5D8 /* FBPhotoParams.h */ = {isa = PBXFileReference; fileEncoding = 4; lastKnownFileType = sourcecode.c.h; path = FBPhotoParams.h; sourceTree = "<group>"; };
		71AE75BB19AF5B3D00B2B5D8 /* FBPlacePickerViewController.h */ = {isa = PBXFileReference; fileEncoding = 4; lastKnownFileType = sourcecode.c.h; path = FBPlacePickerViewController.h; sourceTree = "<group>"; };
		71AE75BC19AF5B3D00B2B5D8 /* FBProfilePictureView.h */ = {isa = PBXFileReference; fileEncoding = 4; lastKnownFileType = sourcecode.c.h; path = FBProfilePictureView.h; sourceTree = "<group>"; };
		71AE75BD19AF5B3D00B2B5D8 /* FBRequest.h */ = {isa = PBXFileReference; fileEncoding = 4; lastKnownFileType = sourcecode.c.h; path = FBRequest.h; sourceTree = "<group>"; };
		71AE75BE19AF5B3D00B2B5D8 /* FBRequestConnection.h */ = {isa = PBXFileReference; fileEncoding = 4; lastKnownFileType = sourcecode.c.h; path = FBRequestConnection.h; sourceTree = "<group>"; };
		71AE75BF19AF5B3D00B2B5D8 /* FBSDKMacros.h */ = {isa = PBXFileReference; fileEncoding = 4; lastKnownFileType = sourcecode.c.h; path = FBSDKMacros.h; sourceTree = "<group>"; };
		71AE75C019AF5B3D00B2B5D8 /* FBSession.h */ = {isa = PBXFileReference; fileEncoding = 4; lastKnownFileType = sourcecode.c.h; path = FBSession.h; sourceTree = "<group>"; };
		71AE75C119AF5B3D00B2B5D8 /* FBSessionManualTokenCachingStrategy.h */ = {isa = PBXFileReference; fileEncoding = 4; lastKnownFileType = sourcecode.c.h; path = FBSessionManualTokenCachingStrategy.h; sourceTree = "<group>"; };
		71AE75C219AF5B3D00B2B5D8 /* FBSessionTokenCachingStrategy.h */ = {isa = PBXFileReference; fileEncoding = 4; lastKnownFileType = sourcecode.c.h; path = FBSessionTokenCachingStrategy.h; sourceTree = "<group>"; };
		71AE75C319AF5B3D00B2B5D8 /* FBSettings.h */ = {isa = PBXFileReference; fileEncoding = 4; lastKnownFileType = sourcecode.c.h; path = FBSettings.h; sourceTree = "<group>"; };
		71AE75C419AF5B3D00B2B5D8 /* FBShareDialogParams.h */ = {isa = PBXFileReference; fileEncoding = 4; lastKnownFileType = sourcecode.c.h; path = FBShareDialogParams.h; sourceTree = "<group>"; };
		71AE75C519AF5B3D00B2B5D8 /* FBShareDialogPhotoParams.h */ = {isa = PBXFileReference; fileEncoding = 4; lastKnownFileType = sourcecode.c.h; path = FBShareDialogPhotoParams.h; sourceTree = "<group>"; };
		71AE75C619AF5B3D00B2B5D8 /* FBTaggableFriendPickerViewController.h */ = {isa = PBXFileReference; fileEncoding = 4; lastKnownFileType = sourcecode.c.h; path = FBTaggableFriendPickerViewController.h; sourceTree = "<group>"; };
		71AE75C719AF5B3D00B2B5D8 /* FBTestSession.h */ = {isa = PBXFileReference; fileEncoding = 4; lastKnownFileType = sourcecode.c.h; path = FBTestSession.h; sourceTree = "<group>"; };
		71AE75C819AF5B3D00B2B5D8 /* FBTooltipView.h */ = {isa = PBXFileReference; fileEncoding = 4; lastKnownFileType = sourcecode.c.h; path = FBTooltipView.h; sourceTree = "<group>"; };
		71AE75C919AF5B3D00B2B5D8 /* FBUserSettingsViewController.h */ = {isa = PBXFileReference; fileEncoding = 4; lastKnownFileType = sourcecode.c.h; path = FBUserSettingsViewController.h; sourceTree = "<group>"; };
		71AE75CA19AF5B3D00B2B5D8 /* FBViewController.h */ = {isa = PBXFileReference; fileEncoding = 4; lastKnownFileType = sourcecode.c.h; path = FBViewController.h; sourceTree = "<group>"; };
		71AE75CB19AF5B3D00B2B5D8 /* FBWebDialogs.h */ = {isa = PBXFileReference; fileEncoding = 4; lastKnownFileType = sourcecode.c.h; path = FBWebDialogs.h; sourceTree = "<group>"; };
		71AE75CC19AF5B3D00B2B5D8 /* NSError+FBError.h */ = {isa = PBXFileReference; fileEncoding = 4; lastKnownFileType = sourcecode.c.h; path = "NSError+FBError.h"; sourceTree = "<group>"; };
		71AE75CE19AF5B6A00B2B5D8 /* FacebookSDK */ = {isa = PBXFileReference; lastKnownFileType = archive.ar; name = FacebookSDK; path = FacebookSDK.framework/Versions/A/FacebookSDK; sourceTree = "<group>"; };
		71AE75D119AF5B7700B2B5D8 /* Facebook.h */ = {isa = PBXFileReference; fileEncoding = 4; lastKnownFileType = sourcecode.c.h; path = Facebook.h; sourceTree = "<group>"; };
		71AE75D219AF5B7700B2B5D8 /* FacebookSDK.h */ = {isa = PBXFileReference; fileEncoding = 4; lastKnownFileType = sourcecode.c.h; path = FacebookSDK.h; sourceTree = "<group>"; };
		71AE75D319AF5B7700B2B5D8 /* FBAccessTokenData.h */ = {isa = PBXFileReference; fileEncoding = 4; lastKnownFileType = sourcecode.c.h; path = FBAccessTokenData.h; sourceTree = "<group>"; };
		71AE75D419AF5B7700B2B5D8 /* FBAppCall.h */ = {isa = PBXFileReference; fileEncoding = 4; lastKnownFileType = sourcecode.c.h; path = FBAppCall.h; sourceTree = "<group>"; };
		71AE75D519AF5B7700B2B5D8 /* FBAppEvents.h */ = {isa = PBXFileReference; fileEncoding = 4; lastKnownFileType = sourcecode.c.h; path = FBAppEvents.h; sourceTree = "<group>"; };
		71AE75D619AF5B7700B2B5D8 /* FBAppLinkData.h */ = {isa = PBXFileReference; fileEncoding = 4; lastKnownFileType = sourcecode.c.h; path = FBAppLinkData.h; sourceTree = "<group>"; };
		71AE75D719AF5B7700B2B5D8 /* FBAppLinkResolver.h */ = {isa = PBXFileReference; fileEncoding = 4; lastKnownFileType = sourcecode.c.h; path = FBAppLinkResolver.h; sourceTree = "<group>"; };
		71AE75D819AF5B7700B2B5D8 /* FBCacheDescriptor.h */ = {isa = PBXFileReference; fileEncoding = 4; lastKnownFileType = sourcecode.c.h; path = FBCacheDescriptor.h; sourceTree = "<group>"; };
		71AE75D919AF5B7700B2B5D8 /* FBColor.h */ = {isa = PBXFileReference; fileEncoding = 4; lastKnownFileType = sourcecode.c.h; path = FBColor.h; sourceTree = "<group>"; };
		71AE75DA19AF5B7700B2B5D8 /* FBConnect.h */ = {isa = PBXFileReference; fileEncoding = 4; lastKnownFileType = sourcecode.c.h; path = FBConnect.h; sourceTree = "<group>"; };
		71AE75DB19AF5B7700B2B5D8 /* FBDialog.h */ = {isa = PBXFileReference; fileEncoding = 4; lastKnownFileType = sourcecode.c.h; path = FBDialog.h; sourceTree = "<group>"; };
		71AE75DC19AF5B7700B2B5D8 /* FBDialogs.h */ = {isa = PBXFileReference; fileEncoding = 4; lastKnownFileType = sourcecode.c.h; path = FBDialogs.h; sourceTree = "<group>"; };
		71AE75DD19AF5B7700B2B5D8 /* FBDialogsData.h */ = {isa = PBXFileReference; fileEncoding = 4; lastKnownFileType = sourcecode.c.h; path = FBDialogsData.h; sourceTree = "<group>"; };
		71AE75DE19AF5B7700B2B5D8 /* FBDialogsParams.h */ = {isa = PBXFileReference; fileEncoding = 4; lastKnownFileType = sourcecode.c.h; path = FBDialogsParams.h; sourceTree = "<group>"; };
		71AE75DF19AF5B7700B2B5D8 /* FBError.h */ = {isa = PBXFileReference; fileEncoding = 4; lastKnownFileType = sourcecode.c.h; path = FBError.h; sourceTree = "<group>"; };
		71AE75E019AF5B7700B2B5D8 /* FBErrorUtility.h */ = {isa = PBXFileReference; fileEncoding = 4; lastKnownFileType = sourcecode.c.h; path = FBErrorUtility.h; sourceTree = "<group>"; };
		71AE75E119AF5B7700B2B5D8 /* FBFrictionlessRecipientCache.h */ = {isa = PBXFileReference; fileEncoding = 4; lastKnownFileType = sourcecode.c.h; path = FBFrictionlessRecipientCache.h; sourceTree = "<group>"; };
		71AE75E219AF5B7700B2B5D8 /* FBFrictionlessRequestSettings.h */ = {isa = PBXFileReference; fileEncoding = 4; lastKnownFileType = sourcecode.c.h; path = FBFrictionlessRequestSettings.h; sourceTree = "<group>"; };
		71AE75E319AF5B7700B2B5D8 /* FBFriendPickerViewController.h */ = {isa = PBXFileReference; fileEncoding = 4; lastKnownFileType = sourcecode.c.h; path = FBFriendPickerViewController.h; sourceTree = "<group>"; };
		71AE75E419AF5B7700B2B5D8 /* FBGraphLocation.h */ = {isa = PBXFileReference; fileEncoding = 4; lastKnownFileType = sourcecode.c.h; path = FBGraphLocation.h; sourceTree = "<group>"; };
		71AE75E519AF5B7700B2B5D8 /* FBGraphObject.h */ = {isa = PBXFileReference; fileEncoding = 4; lastKnownFileType = sourcecode.c.h; path = FBGraphObject.h; sourceTree = "<group>"; };
		71AE75E619AF5B7700B2B5D8 /* FBGraphObjectPickerViewController.h */ = {isa = PBXFileReference; fileEncoding = 4; lastKnownFileType = sourcecode.c.h; path = FBGraphObjectPickerViewController.h; sourceTree = "<group>"; };
		71AE75E719AF5B7700B2B5D8 /* FBGraphPerson.h */ = {isa = PBXFileReference; fileEncoding = 4; lastKnownFileType = sourcecode.c.h; path = FBGraphPerson.h; sourceTree = "<group>"; };
		71AE75E819AF5B7700B2B5D8 /* FBGraphPlace.h */ = {isa = PBXFileReference; fileEncoding = 4; lastKnownFileType = sourcecode.c.h; path = FBGraphPlace.h; sourceTree = "<group>"; };
		71AE75E919AF5B7700B2B5D8 /* FBGraphUser.h */ = {isa = PBXFileReference; fileEncoding = 4; lastKnownFileType = sourcecode.c.h; path = FBGraphUser.h; sourceTree = "<group>"; };
		71AE75EA19AF5B7700B2B5D8 /* FBInsights.h */ = {isa = PBXFileReference; fileEncoding = 4; lastKnownFileType = sourcecode.c.h; path = FBInsights.h; sourceTree = "<group>"; };
		71AE75EB19AF5B7700B2B5D8 /* FBLikeControl.h */ = {isa = PBXFileReference; fileEncoding = 4; lastKnownFileType = sourcecode.c.h; path = FBLikeControl.h; sourceTree = "<group>"; };
		71AE75EC19AF5B7700B2B5D8 /* FBLinkShareParams.h */ = {isa = PBXFileReference; fileEncoding = 4; lastKnownFileType = sourcecode.c.h; path = FBLinkShareParams.h; sourceTree = "<group>"; };
		71AE75ED19AF5B7700B2B5D8 /* FBLoginDialog.h */ = {isa = PBXFileReference; fileEncoding = 4; lastKnownFileType = sourcecode.c.h; path = FBLoginDialog.h; sourceTree = "<group>"; };
		71AE75EE19AF5B7700B2B5D8 /* FBLoginTooltipView.h */ = {isa = PBXFileReference; fileEncoding = 4; lastKnownFileType = sourcecode.c.h; path = FBLoginTooltipView.h; sourceTree = "<group>"; };
		71AE75EF19AF5B7700B2B5D8 /* FBLoginView.h */ = {isa = PBXFileReference; fileEncoding = 4; lastKnownFileType = sourcecode.c.h; path = FBLoginView.h; sourceTree = "<group>"; };
		71AE75F019AF5B7700B2B5D8 /* FBNativeDialogs.h */ = {isa = PBXFileReference; fileEncoding = 4; lastKnownFileType = sourcecode.c.h; path = FBNativeDialogs.h; sourceTree = "<group>"; };
		71AE75F119AF5B7700B2B5D8 /* FBOpenGraphAction.h */ = {isa = PBXFileReference; fileEncoding = 4; lastKnownFileType = sourcecode.c.h; path = FBOpenGraphAction.h; sourceTree = "<group>"; };
		71AE75F219AF5B7700B2B5D8 /* FBOpenGraphActionParams.h */ = {isa = PBXFileReference; fileEncoding = 4; lastKnownFileType = sourcecode.c.h; path = FBOpenGraphActionParams.h; sourceTree = "<group>"; };
		71AE75F319AF5B7700B2B5D8 /* FBOpenGraphActionShareDialogParams.h */ = {isa = PBXFileReference; fileEncoding = 4; lastKnownFileType = sourcecode.c.h; path = FBOpenGraphActionShareDialogParams.h; sourceTree = "<group>"; };
		71AE75F419AF5B7700B2B5D8 /* FBOpenGraphObject.h */ = {isa = PBXFileReference; fileEncoding = 4; lastKnownFileType = sourcecode.c.h; path = FBOpenGraphObject.h; sourceTree = "<group>"; };
		71AE75F519AF5B7700B2B5D8 /* FBPeoplePickerViewController.h */ = {isa = PBXFileReference; fileEncoding = 4; lastKnownFileType = sourcecode.c.h; path = FBPeoplePickerViewController.h; sourceTree = "<group>"; };
		71AE75F619AF5B7700B2B5D8 /* FBPhotoParams.h */ = {isa = PBXFileReference; fileEncoding = 4; lastKnownFileType = sourcecode.c.h; path = FBPhotoParams.h; sourceTree = "<group>"; };
		71AE75F719AF5B7700B2B5D8 /* FBPlacePickerViewController.h */ = {isa = PBXFileReference; fileEncoding = 4; lastKnownFileType = sourcecode.c.h; path = FBPlacePickerViewController.h; sourceTree = "<group>"; };
		71AE75F819AF5B7700B2B5D8 /* FBProfilePictureView.h */ = {isa = PBXFileReference; fileEncoding = 4; lastKnownFileType = sourcecode.c.h; path = FBProfilePictureView.h; sourceTree = "<group>"; };
		71AE75F919AF5B7700B2B5D8 /* FBRequest.h */ = {isa = PBXFileReference; fileEncoding = 4; lastKnownFileType = sourcecode.c.h; path = FBRequest.h; sourceTree = "<group>"; };
		71AE75FA19AF5B7700B2B5D8 /* FBRequestConnection.h */ = {isa = PBXFileReference; fileEncoding = 4; lastKnownFileType = sourcecode.c.h; path = FBRequestConnection.h; sourceTree = "<group>"; };
		71AE75FB19AF5B7700B2B5D8 /* FBSDKMacros.h */ = {isa = PBXFileReference; fileEncoding = 4; lastKnownFileType = sourcecode.c.h; path = FBSDKMacros.h; sourceTree = "<group>"; };
		71AE75FC19AF5B7700B2B5D8 /* FBSession.h */ = {isa = PBXFileReference; fileEncoding = 4; lastKnownFileType = sourcecode.c.h; path = FBSession.h; sourceTree = "<group>"; };
		71AE75FD19AF5B7700B2B5D8 /* FBSessionManualTokenCachingStrategy.h */ = {isa = PBXFileReference; fileEncoding = 4; lastKnownFileType = sourcecode.c.h; path = FBSessionManualTokenCachingStrategy.h; sourceTree = "<group>"; };
		71AE75FE19AF5B7700B2B5D8 /* FBSessionTokenCachingStrategy.h */ = {isa = PBXFileReference; fileEncoding = 4; lastKnownFileType = sourcecode.c.h; path = FBSessionTokenCachingStrategy.h; sourceTree = "<group>"; };
		71AE75FF19AF5B7700B2B5D8 /* FBSettings.h */ = {isa = PBXFileReference; fileEncoding = 4; lastKnownFileType = sourcecode.c.h; path = FBSettings.h; sourceTree = "<group>"; };
		71AE760019AF5B7700B2B5D8 /* FBShareDialogParams.h */ = {isa = PBXFileReference; fileEncoding = 4; lastKnownFileType = sourcecode.c.h; path = FBShareDialogParams.h; sourceTree = "<group>"; };
		71AE760119AF5B7700B2B5D8 /* FBShareDialogPhotoParams.h */ = {isa = PBXFileReference; fileEncoding = 4; lastKnownFileType = sourcecode.c.h; path = FBShareDialogPhotoParams.h; sourceTree = "<group>"; };
		71AE760219AF5B7700B2B5D8 /* FBTaggableFriendPickerViewController.h */ = {isa = PBXFileReference; fileEncoding = 4; lastKnownFileType = sourcecode.c.h; path = FBTaggableFriendPickerViewController.h; sourceTree = "<group>"; };
		71AE760319AF5B7700B2B5D8 /* FBTestSession.h */ = {isa = PBXFileReference; fileEncoding = 4; lastKnownFileType = sourcecode.c.h; path = FBTestSession.h; sourceTree = "<group>"; };
		71AE760419AF5B7700B2B5D8 /* FBTooltipView.h */ = {isa = PBXFileReference; fileEncoding = 4; lastKnownFileType = sourcecode.c.h; path = FBTooltipView.h; sourceTree = "<group>"; };
		71AE760519AF5B7700B2B5D8 /* FBUserSettingsViewController.h */ = {isa = PBXFileReference; fileEncoding = 4; lastKnownFileType = sourcecode.c.h; path = FBUserSettingsViewController.h; sourceTree = "<group>"; };
		71AE760619AF5B7700B2B5D8 /* FBViewController.h */ = {isa = PBXFileReference; fileEncoding = 4; lastKnownFileType = sourcecode.c.h; path = FBViewController.h; sourceTree = "<group>"; };
		71AE760719AF5B7700B2B5D8 /* FBWebDialogs.h */ = {isa = PBXFileReference; fileEncoding = 4; lastKnownFileType = sourcecode.c.h; path = FBWebDialogs.h; sourceTree = "<group>"; };
		71AE760819AF5B7700B2B5D8 /* NSError+FBError.h */ = {isa = PBXFileReference; fileEncoding = 4; lastKnownFileType = sourcecode.c.h; path = "NSError+FBError.h"; sourceTree = "<group>"; };
		71AE760A19AF5B8100B2B5D8 /* FacebookSDK.h */ = {isa = PBXFileReference; fileEncoding = 4; lastKnownFileType = sourcecode.c.h; path = FacebookSDK.h; sourceTree = "<group>"; };
		71AE760B19AF5B8100B2B5D8 /* FBAccessTokenData.h */ = {isa = PBXFileReference; fileEncoding = 4; lastKnownFileType = sourcecode.c.h; path = FBAccessTokenData.h; sourceTree = "<group>"; };
		71AE760C19AF5B8100B2B5D8 /* FBAppCall.h */ = {isa = PBXFileReference; fileEncoding = 4; lastKnownFileType = sourcecode.c.h; path = FBAppCall.h; sourceTree = "<group>"; };
		71AE760D19AF5B8100B2B5D8 /* FBAppEvents.h */ = {isa = PBXFileReference; fileEncoding = 4; lastKnownFileType = sourcecode.c.h; path = FBAppEvents.h; sourceTree = "<group>"; };
		71AE760E19AF5B8100B2B5D8 /* FBAppLinkData.h */ = {isa = PBXFileReference; fileEncoding = 4; lastKnownFileType = sourcecode.c.h; path = FBAppLinkData.h; sourceTree = "<group>"; };
		71AE760F19AF5B8100B2B5D8 /* FBAppLinkResolver.h */ = {isa = PBXFileReference; fileEncoding = 4; lastKnownFileType = sourcecode.c.h; path = FBAppLinkResolver.h; sourceTree = "<group>"; };
		71AE761019AF5B8100B2B5D8 /* FBCacheDescriptor.h */ = {isa = PBXFileReference; fileEncoding = 4; lastKnownFileType = sourcecode.c.h; path = FBCacheDescriptor.h; sourceTree = "<group>"; };
		71AE761119AF5B8100B2B5D8 /* FBColor.h */ = {isa = PBXFileReference; fileEncoding = 4; lastKnownFileType = sourcecode.c.h; path = FBColor.h; sourceTree = "<group>"; };
		71AE761219AF5B8100B2B5D8 /* FBDialogs.h */ = {isa = PBXFileReference; fileEncoding = 4; lastKnownFileType = sourcecode.c.h; path = FBDialogs.h; sourceTree = "<group>"; };
		71AE761319AF5B8100B2B5D8 /* FBDialogsData.h */ = {isa = PBXFileReference; fileEncoding = 4; lastKnownFileType = sourcecode.c.h; path = FBDialogsData.h; sourceTree = "<group>"; };
		71AE761419AF5B8100B2B5D8 /* FBDialogsParams.h */ = {isa = PBXFileReference; fileEncoding = 4; lastKnownFileType = sourcecode.c.h; path = FBDialogsParams.h; sourceTree = "<group>"; };
		71AE761519AF5B8100B2B5D8 /* FBError.h */ = {isa = PBXFileReference; fileEncoding = 4; lastKnownFileType = sourcecode.c.h; path = FBError.h; sourceTree = "<group>"; };
		71AE761619AF5B8100B2B5D8 /* FBErrorUtility.h */ = {isa = PBXFileReference; fileEncoding = 4; lastKnownFileType = sourcecode.c.h; path = FBErrorUtility.h; sourceTree = "<group>"; };
		71AE761719AF5B8100B2B5D8 /* FBFrictionlessRecipientCache.h */ = {isa = PBXFileReference; fileEncoding = 4; lastKnownFileType = sourcecode.c.h; path = FBFrictionlessRecipientCache.h; sourceTree = "<group>"; };
		71AE761819AF5B8100B2B5D8 /* FBFriendPickerViewController.h */ = {isa = PBXFileReference; fileEncoding = 4; lastKnownFileType = sourcecode.c.h; path = FBFriendPickerViewController.h; sourceTree = "<group>"; };
		71AE761919AF5B8100B2B5D8 /* FBGraphLocation.h */ = {isa = PBXFileReference; fileEncoding = 4; lastKnownFileType = sourcecode.c.h; path = FBGraphLocation.h; sourceTree = "<group>"; };
		71AE761A19AF5B8100B2B5D8 /* FBGraphObject.h */ = {isa = PBXFileReference; fileEncoding = 4; lastKnownFileType = sourcecode.c.h; path = FBGraphObject.h; sourceTree = "<group>"; };
		71AE761B19AF5B8100B2B5D8 /* FBGraphObjectPickerViewController.h */ = {isa = PBXFileReference; fileEncoding = 4; lastKnownFileType = sourcecode.c.h; path = FBGraphObjectPickerViewController.h; sourceTree = "<group>"; };
		71AE761C19AF5B8100B2B5D8 /* FBGraphPerson.h */ = {isa = PBXFileReference; fileEncoding = 4; lastKnownFileType = sourcecode.c.h; path = FBGraphPerson.h; sourceTree = "<group>"; };
		71AE761D19AF5B8100B2B5D8 /* FBGraphPlace.h */ = {isa = PBXFileReference; fileEncoding = 4; lastKnownFileType = sourcecode.c.h; path = FBGraphPlace.h; sourceTree = "<group>"; };
		71AE761E19AF5B8100B2B5D8 /* FBGraphUser.h */ = {isa = PBXFileReference; fileEncoding = 4; lastKnownFileType = sourcecode.c.h; path = FBGraphUser.h; sourceTree = "<group>"; };
		71AE761F19AF5B8100B2B5D8 /* FBInsights.h */ = {isa = PBXFileReference; fileEncoding = 4; lastKnownFileType = sourcecode.c.h; path = FBInsights.h; sourceTree = "<group>"; };
		71AE762019AF5B8100B2B5D8 /* FBLikeControl.h */ = {isa = PBXFileReference; fileEncoding = 4; lastKnownFileType = sourcecode.c.h; path = FBLikeControl.h; sourceTree = "<group>"; };
		71AE762119AF5B8100B2B5D8 /* FBLinkShareParams.h */ = {isa = PBXFileReference; fileEncoding = 4; lastKnownFileType = sourcecode.c.h; path = FBLinkShareParams.h; sourceTree = "<group>"; };
		71AE762219AF5B8100B2B5D8 /* FBLoginTooltipView.h */ = {isa = PBXFileReference; fileEncoding = 4; lastKnownFileType = sourcecode.c.h; path = FBLoginTooltipView.h; sourceTree = "<group>"; };
		71AE762319AF5B8100B2B5D8 /* FBLoginView.h */ = {isa = PBXFileReference; fileEncoding = 4; lastKnownFileType = sourcecode.c.h; path = FBLoginView.h; sourceTree = "<group>"; };
		71AE762419AF5B8100B2B5D8 /* FBNativeDialogs.h */ = {isa = PBXFileReference; fileEncoding = 4; lastKnownFileType = sourcecode.c.h; path = FBNativeDialogs.h; sourceTree = "<group>"; };
		71AE762519AF5B8100B2B5D8 /* FBOpenGraphAction.h */ = {isa = PBXFileReference; fileEncoding = 4; lastKnownFileType = sourcecode.c.h; path = FBOpenGraphAction.h; sourceTree = "<group>"; };
		71AE762619AF5B8100B2B5D8 /* FBOpenGraphActionParams.h */ = {isa = PBXFileReference; fileEncoding = 4; lastKnownFileType = sourcecode.c.h; path = FBOpenGraphActionParams.h; sourceTree = "<group>"; };
		71AE762719AF5B8100B2B5D8 /* FBOpenGraphActionShareDialogParams.h */ = {isa = PBXFileReference; fileEncoding = 4; lastKnownFileType = sourcecode.c.h; path = FBOpenGraphActionShareDialogParams.h; sourceTree = "<group>"; };
		71AE762819AF5B8100B2B5D8 /* FBOpenGraphObject.h */ = {isa = PBXFileReference; fileEncoding = 4; lastKnownFileType = sourcecode.c.h; path = FBOpenGraphObject.h; sourceTree = "<group>"; };
		71AE762919AF5B8100B2B5D8 /* FBPeoplePickerViewController.h */ = {isa = PBXFileReference; fileEncoding = 4; lastKnownFileType = sourcecode.c.h; path = FBPeoplePickerViewController.h; sourceTree = "<group>"; };
		71AE762A19AF5B8100B2B5D8 /* FBPhotoParams.h */ = {isa = PBXFileReference; fileEncoding = 4; lastKnownFileType = sourcecode.c.h; path = FBPhotoParams.h; sourceTree = "<group>"; };
		71AE762B19AF5B8100B2B5D8 /* FBPlacePickerViewController.h */ = {isa = PBXFileReference; fileEncoding = 4; lastKnownFileType = sourcecode.c.h; path = FBPlacePickerViewController.h; sourceTree = "<group>"; };
		71AE762C19AF5B8100B2B5D8 /* FBProfilePictureView.h */ = {isa = PBXFileReference; fileEncoding = 4; lastKnownFileType = sourcecode.c.h; path = FBProfilePictureView.h; sourceTree = "<group>"; };
		71AE762D19AF5B8100B2B5D8 /* FBRequest.h */ = {isa = PBXFileReference; fileEncoding = 4; lastKnownFileType = sourcecode.c.h; path = FBRequest.h; sourceTree = "<group>"; };
		71AE762E19AF5B8100B2B5D8 /* FBRequestConnection.h */ = {isa = PBXFileReference; fileEncoding = 4; lastKnownFileType = sourcecode.c.h; path = FBRequestConnection.h; sourceTree = "<group>"; };
		71AE762F19AF5B8100B2B5D8 /* FBSDKMacros.h */ = {isa = PBXFileReference; fileEncoding = 4; lastKnownFileType = sourcecode.c.h; path = FBSDKMacros.h; sourceTree = "<group>"; };
		71AE763019AF5B8100B2B5D8 /* FBSession.h */ = {isa = PBXFileReference; fileEncoding = 4; lastKnownFileType = sourcecode.c.h; path = FBSession.h; sourceTree = "<group>"; };
		71AE763119AF5B8100B2B5D8 /* FBSessionTokenCachingStrategy.h */ = {isa = PBXFileReference; fileEncoding = 4; lastKnownFileType = sourcecode.c.h; path = FBSessionTokenCachingStrategy.h; sourceTree = "<group>"; };
		71AE763219AF5B8100B2B5D8 /* FBSettings.h */ = {isa = PBXFileReference; fileEncoding = 4; lastKnownFileType = sourcecode.c.h; path = FBSettings.h; sourceTree = "<group>"; };
		71AE763319AF5B8100B2B5D8 /* FBShareDialogParams.h */ = {isa = PBXFileReference; fileEncoding = 4; lastKnownFileType = sourcecode.c.h; path = FBShareDialogParams.h; sourceTree = "<group>"; };
		71AE763419AF5B8100B2B5D8 /* FBShareDialogPhotoParams.h */ = {isa = PBXFileReference; fileEncoding = 4; lastKnownFileType = sourcecode.c.h; path = FBShareDialogPhotoParams.h; sourceTree = "<group>"; };
		71AE763519AF5B8100B2B5D8 /* FBTaggableFriendPickerViewController.h */ = {isa = PBXFileReference; fileEncoding = 4; lastKnownFileType = sourcecode.c.h; path = FBTaggableFriendPickerViewController.h; sourceTree = "<group>"; };
		71AE763619AF5B8100B2B5D8 /* FBTestSession.h */ = {isa = PBXFileReference; fileEncoding = 4; lastKnownFileType = sourcecode.c.h; path = FBTestSession.h; sourceTree = "<group>"; };
		71AE763719AF5B8100B2B5D8 /* FBTooltipView.h */ = {isa = PBXFileReference; fileEncoding = 4; lastKnownFileType = sourcecode.c.h; path = FBTooltipView.h; sourceTree = "<group>"; };
		71AE763819AF5B8100B2B5D8 /* FBUserSettingsViewController.h */ = {isa = PBXFileReference; fileEncoding = 4; lastKnownFileType = sourcecode.c.h; path = FBUserSettingsViewController.h; sourceTree = "<group>"; };
		71AE763919AF5B8100B2B5D8 /* FBViewController.h */ = {isa = PBXFileReference; fileEncoding = 4; lastKnownFileType = sourcecode.c.h; path = FBViewController.h; sourceTree = "<group>"; };
		71AE763A19AF5B8100B2B5D8 /* FBWebDialogs.h */ = {isa = PBXFileReference; fileEncoding = 4; lastKnownFileType = sourcecode.c.h; path = FBWebDialogs.h; sourceTree = "<group>"; };
		71AE763B19AF5B8100B2B5D8 /* NSError+FBError.h */ = {isa = PBXFileReference; fileEncoding = 4; lastKnownFileType = sourcecode.c.h; path = "NSError+FBError.h"; sourceTree = "<group>"; };
		B31B6D4E15C13D5200854074 /* libForgeModule.a */ = {isa = PBXFileReference; explicitFileType = archive.ar; includeInIndex = 0; path = libForgeModule.a; sourceTree = BUILT_PRODUCTS_DIR; };
		B31B6D5115C13D5200854074 /* Foundation.framework */ = {isa = PBXFileReference; lastKnownFileType = wrapper.framework; name = Foundation.framework; path = System/Library/Frameworks/Foundation.framework; sourceTree = SDKROOT; };
		B31B6D6D15C1467100854074 /* plugin.bundle */ = {isa = PBXFileReference; explicitFileType = wrapper.cfbundle; includeInIndex = 0; path = plugin.bundle; sourceTree = BUILT_PRODUCTS_DIR; };
		B31B6D6E15C1467100854074 /* CoreFoundation.framework */ = {isa = PBXFileReference; lastKnownFileType = wrapper.framework; name = CoreFoundation.framework; path = System/Library/Frameworks/CoreFoundation.framework; sourceTree = SDKROOT; };
		B37C3A5C162717A200B50A60 /* ForgeCore.framework */ = {isa = PBXFileReference; lastKnownFileType = wrapper.framework; name = ForgeCore.framework; path = ../ForgeCore.framework; sourceTree = "<group>"; };
		B3FC51F715C151E5003574D9 /* UIKit.framework */ = {isa = PBXFileReference; lastKnownFileType = wrapper.framework; name = UIKit.framework; path = System/Library/Frameworks/UIKit.framework; sourceTree = SDKROOT; };
		B3FC51FE15C1523D003574D9 /* CoreGraphics.framework */ = {isa = PBXFileReference; lastKnownFileType = wrapper.framework; name = CoreGraphics.framework; path = System/Library/Frameworks/CoreGraphics.framework; sourceTree = SDKROOT; };
		B3FC524115C177EA003574D9 /* AssetsLibrary.framework */ = {isa = PBXFileReference; lastKnownFileType = wrapper.framework; name = AssetsLibrary.framework; path = System/Library/Frameworks/AssetsLibrary.framework; sourceTree = SDKROOT; };
		B3FC524715C17B2C003574D9 /* SystemConfiguration.framework */ = {isa = PBXFileReference; lastKnownFileType = wrapper.framework; name = SystemConfiguration.framework; path = System/Library/Frameworks/SystemConfiguration.framework; sourceTree = SDKROOT; };
/* End PBXFileReference section */

/* Begin PBXFrameworksBuildPhase section */
		B31B6D4B15C13D5200854074 /* Frameworks */ = {
			isa = PBXFrameworksBuildPhase;
			buildActionMask = 2147483647;
			files = (
				B3FC524815C17B2C003574D9 /* SystemConfiguration.framework in Frameworks */,
				B3FC524215C177EA003574D9 /* AssetsLibrary.framework in Frameworks */,
				B3FC51FF15C1523D003574D9 /* CoreGraphics.framework in Frameworks */,
				B3FC51F815C151E5003574D9 /* UIKit.framework in Frameworks */,
				71AE75CF19AF5B6A00B2B5D8 /* FacebookSDK in Frameworks */,
				B31B6D5215C13D5200854074 /* Foundation.framework in Frameworks */,
				B37C3A5D162717A200B50A60 /* ForgeCore.framework in Frameworks */,
			);
			runOnlyForDeploymentPostprocessing = 0;
		};
		B31B6D6A15C1467100854074 /* Frameworks */ = {
			isa = PBXFrameworksBuildPhase;
			buildActionMask = 2147483647;
			files = (
				B31B6D6F15C1467100854074 /* CoreFoundation.framework in Frameworks */,
			);
			runOnlyForDeploymentPostprocessing = 0;
		};
/* End PBXFrameworksBuildPhase section */

/* Begin PBXGroup section */
		713372A216B7D7B900C12AC4 /* facebook */ = {
			isa = PBXGroup;
			children = (
				71334C4616B7D86300F95C9D /* facebook_API.h */,
				71334C4716B7D86300F95C9D /* facebook_API.m */,
				71334C4816B7D86300F95C9D /* facebook_DialogDelegate.h */,
				71334C4916B7D86300F95C9D /* facebook_DialogDelegate.m */,
				71334C4A16B7D86300F95C9D /* facebook_EventListener.h */,
				71334C4B16B7D86300F95C9D /* facebook_EventListener.m */,
				71334C4C16B7D86300F95C9D /* facebook_RequestDelegate.h */,
				71334C4D16B7D86300F95C9D /* facebook_RequestDelegate.m */,
				71334C4E16B7D86300F95C9D /* facebook_Util.h */,
				71334C4F16B7D86300F95C9D /* facebook_Util.m */,
				718C907A18EAC2FB001E2FEC /* facebook_LoginDelegate.h */,
				718C907B18EAC2FB001E2FEC /* facebook_LoginDelegate.m */,
			);
			name = facebook;
			sourceTree = "<group>";
		};
		71AE759419AF5B3D00B2B5D8 /* DeprecatedHeaders */ = {
			isa = PBXGroup;
			children = (
				71AE759519AF5B3D00B2B5D8 /* Facebook.h */,
				71AE759619AF5B3D00B2B5D8 /* FacebookSDK.h */,
				71AE759719AF5B3D00B2B5D8 /* FBAccessTokenData.h */,
				71AE759819AF5B3D00B2B5D8 /* FBAppCall.h */,
				71AE759919AF5B3D00B2B5D8 /* FBAppEvents.h */,
				71AE759A19AF5B3D00B2B5D8 /* FBAppLinkData.h */,
				71AE759B19AF5B3D00B2B5D8 /* FBAppLinkResolver.h */,
				71AE759C19AF5B3D00B2B5D8 /* FBCacheDescriptor.h */,
				71AE759D19AF5B3D00B2B5D8 /* FBColor.h */,
				71AE759E19AF5B3D00B2B5D8 /* FBConnect.h */,
				71AE759F19AF5B3D00B2B5D8 /* FBDialog.h */,
				71AE75A019AF5B3D00B2B5D8 /* FBDialogs.h */,
				71AE75A119AF5B3D00B2B5D8 /* FBDialogsData.h */,
				71AE75A219AF5B3D00B2B5D8 /* FBDialogsParams.h */,
				71AE75A319AF5B3D00B2B5D8 /* FBError.h */,
				71AE75A419AF5B3D00B2B5D8 /* FBErrorUtility.h */,
				71AE75A519AF5B3D00B2B5D8 /* FBFrictionlessRecipientCache.h */,
				71AE75A619AF5B3D00B2B5D8 /* FBFrictionlessRequestSettings.h */,
				71AE75A719AF5B3D00B2B5D8 /* FBFriendPickerViewController.h */,
				71AE75A819AF5B3D00B2B5D8 /* FBGraphLocation.h */,
				71AE75A919AF5B3D00B2B5D8 /* FBGraphObject.h */,
				71AE75AA19AF5B3D00B2B5D8 /* FBGraphObjectPickerViewController.h */,
				71AE75AB19AF5B3D00B2B5D8 /* FBGraphPerson.h */,
				71AE75AC19AF5B3D00B2B5D8 /* FBGraphPlace.h */,
				71AE75AD19AF5B3D00B2B5D8 /* FBGraphUser.h */,
				71AE75AE19AF5B3D00B2B5D8 /* FBInsights.h */,
				71AE75AF19AF5B3D00B2B5D8 /* FBLikeControl.h */,
				71AE75B019AF5B3D00B2B5D8 /* FBLinkShareParams.h */,
				71AE75B119AF5B3D00B2B5D8 /* FBLoginDialog.h */,
				71AE75B219AF5B3D00B2B5D8 /* FBLoginTooltipView.h */,
				71AE75B319AF5B3D00B2B5D8 /* FBLoginView.h */,
				71AE75B419AF5B3D00B2B5D8 /* FBNativeDialogs.h */,
				71AE75B519AF5B3D00B2B5D8 /* FBOpenGraphAction.h */,
				71AE75B619AF5B3D00B2B5D8 /* FBOpenGraphActionParams.h */,
				71AE75B719AF5B3D00B2B5D8 /* FBOpenGraphActionShareDialogParams.h */,
				71AE75B819AF5B3D00B2B5D8 /* FBOpenGraphObject.h */,
				71AE75B919AF5B3D00B2B5D8 /* FBPeoplePickerViewController.h */,
				71AE75BA19AF5B3D00B2B5D8 /* FBPhotoParams.h */,
				71AE75BB19AF5B3D00B2B5D8 /* FBPlacePickerViewController.h */,
				71AE75BC19AF5B3D00B2B5D8 /* FBProfilePictureView.h */,
				71AE75BD19AF5B3D00B2B5D8 /* FBRequest.h */,
				71AE75BE19AF5B3D00B2B5D8 /* FBRequestConnection.h */,
				71AE75BF19AF5B3D00B2B5D8 /* FBSDKMacros.h */,
				71AE75C019AF5B3D00B2B5D8 /* FBSession.h */,
				71AE75C119AF5B3D00B2B5D8 /* FBSessionManualTokenCachingStrategy.h */,
				71AE75C219AF5B3D00B2B5D8 /* FBSessionTokenCachingStrategy.h */,
				71AE75C319AF5B3D00B2B5D8 /* FBSettings.h */,
				71AE75C419AF5B3D00B2B5D8 /* FBShareDialogParams.h */,
				71AE75C519AF5B3D00B2B5D8 /* FBShareDialogPhotoParams.h */,
				71AE75C619AF5B3D00B2B5D8 /* FBTaggableFriendPickerViewController.h */,
				71AE75C719AF5B3D00B2B5D8 /* FBTestSession.h */,
				71AE75C819AF5B3D00B2B5D8 /* FBTooltipView.h */,
				71AE75C919AF5B3D00B2B5D8 /* FBUserSettingsViewController.h */,
				71AE75CA19AF5B3D00B2B5D8 /* FBViewController.h */,
				71AE75CB19AF5B3D00B2B5D8 /* FBWebDialogs.h */,
				71AE75CC19AF5B3D00B2B5D8 /* NSError+FBError.h */,
			);
			name = DeprecatedHeaders;
			path = FacebookSDK.framework/Versions/A/DeprecatedHeaders;
			sourceTree = "<group>";
		};
		71AE75CD19AF5B5900B2B5D8 /* FacebookSDK.framework */ = {
			isa = PBXGroup;
			children = (
				71AE760919AF5B8100B2B5D8 /* Headers */,
				71AE75D019AF5B7700B2B5D8 /* DeprecatedHeaders */,
				71AE75CE19AF5B6A00B2B5D8 /* FacebookSDK */,
			);
			name = FacebookSDK.framework;
			sourceTree = "<group>";
		};
		71AE75D019AF5B7700B2B5D8 /* DeprecatedHeaders */ = {
			isa = PBXGroup;
			children = (
				71AE75D119AF5B7700B2B5D8 /* Facebook.h */,
				71AE75D219AF5B7700B2B5D8 /* FacebookSDK.h */,
				71AE75D319AF5B7700B2B5D8 /* FBAccessTokenData.h */,
				71AE75D419AF5B7700B2B5D8 /* FBAppCall.h */,
				71AE75D519AF5B7700B2B5D8 /* FBAppEvents.h */,
				71AE75D619AF5B7700B2B5D8 /* FBAppLinkData.h */,
				71AE75D719AF5B7700B2B5D8 /* FBAppLinkResolver.h */,
				71AE75D819AF5B7700B2B5D8 /* FBCacheDescriptor.h */,
				71AE75D919AF5B7700B2B5D8 /* FBColor.h */,
				71AE75DA19AF5B7700B2B5D8 /* FBConnect.h */,
				71AE75DB19AF5B7700B2B5D8 /* FBDialog.h */,
				71AE75DC19AF5B7700B2B5D8 /* FBDialogs.h */,
				71AE75DD19AF5B7700B2B5D8 /* FBDialogsData.h */,
				71AE75DE19AF5B7700B2B5D8 /* FBDialogsParams.h */,
				71AE75DF19AF5B7700B2B5D8 /* FBError.h */,
				71AE75E019AF5B7700B2B5D8 /* FBErrorUtility.h */,
				71AE75E119AF5B7700B2B5D8 /* FBFrictionlessRecipientCache.h */,
				71AE75E219AF5B7700B2B5D8 /* FBFrictionlessRequestSettings.h */,
				71AE75E319AF5B7700B2B5D8 /* FBFriendPickerViewController.h */,
				71AE75E419AF5B7700B2B5D8 /* FBGraphLocation.h */,
				71AE75E519AF5B7700B2B5D8 /* FBGraphObject.h */,
				71AE75E619AF5B7700B2B5D8 /* FBGraphObjectPickerViewController.h */,
				71AE75E719AF5B7700B2B5D8 /* FBGraphPerson.h */,
				71AE75E819AF5B7700B2B5D8 /* FBGraphPlace.h */,
				71AE75E919AF5B7700B2B5D8 /* FBGraphUser.h */,
				71AE75EA19AF5B7700B2B5D8 /* FBInsights.h */,
				71AE75EB19AF5B7700B2B5D8 /* FBLikeControl.h */,
				71AE75EC19AF5B7700B2B5D8 /* FBLinkShareParams.h */,
				71AE75ED19AF5B7700B2B5D8 /* FBLoginDialog.h */,
				71AE75EE19AF5B7700B2B5D8 /* FBLoginTooltipView.h */,
				71AE75EF19AF5B7700B2B5D8 /* FBLoginView.h */,
				71AE75F019AF5B7700B2B5D8 /* FBNativeDialogs.h */,
				71AE75F119AF5B7700B2B5D8 /* FBOpenGraphAction.h */,
				71AE75F219AF5B7700B2B5D8 /* FBOpenGraphActionParams.h */,
				71AE75F319AF5B7700B2B5D8 /* FBOpenGraphActionShareDialogParams.h */,
				71AE75F419AF5B7700B2B5D8 /* FBOpenGraphObject.h */,
				71AE75F519AF5B7700B2B5D8 /* FBPeoplePickerViewController.h */,
				71AE75F619AF5B7700B2B5D8 /* FBPhotoParams.h */,
				71AE75F719AF5B7700B2B5D8 /* FBPlacePickerViewController.h */,
				71AE75F819AF5B7700B2B5D8 /* FBProfilePictureView.h */,
				71AE75F919AF5B7700B2B5D8 /* FBRequest.h */,
				71AE75FA19AF5B7700B2B5D8 /* FBRequestConnection.h */,
				71AE75FB19AF5B7700B2B5D8 /* FBSDKMacros.h */,
				71AE75FC19AF5B7700B2B5D8 /* FBSession.h */,
				71AE75FD19AF5B7700B2B5D8 /* FBSessionManualTokenCachingStrategy.h */,
				71AE75FE19AF5B7700B2B5D8 /* FBSessionTokenCachingStrategy.h */,
				71AE75FF19AF5B7700B2B5D8 /* FBSettings.h */,
				71AE760019AF5B7700B2B5D8 /* FBShareDialogParams.h */,
				71AE760119AF5B7700B2B5D8 /* FBShareDialogPhotoParams.h */,
				71AE760219AF5B7700B2B5D8 /* FBTaggableFriendPickerViewController.h */,
				71AE760319AF5B7700B2B5D8 /* FBTestSession.h */,
				71AE760419AF5B7700B2B5D8 /* FBTooltipView.h */,
				71AE760519AF5B7700B2B5D8 /* FBUserSettingsViewController.h */,
				71AE760619AF5B7700B2B5D8 /* FBViewController.h */,
				71AE760719AF5B7700B2B5D8 /* FBWebDialogs.h */,
				71AE760819AF5B7700B2B5D8 /* NSError+FBError.h */,
			);
			name = DeprecatedHeaders;
			path = FacebookSDK.framework/Versions/A/DeprecatedHeaders;
			sourceTree = "<group>";
		};
		71AE760919AF5B8100B2B5D8 /* Headers */ = {
			isa = PBXGroup;
			children = (
				71AE760A19AF5B8100B2B5D8 /* FacebookSDK.h */,
				71AE760B19AF5B8100B2B5D8 /* FBAccessTokenData.h */,
				71AE760C19AF5B8100B2B5D8 /* FBAppCall.h */,
				71AE760D19AF5B8100B2B5D8 /* FBAppEvents.h */,
				71AE760E19AF5B8100B2B5D8 /* FBAppLinkData.h */,
				71AE760F19AF5B8100B2B5D8 /* FBAppLinkResolver.h */,
				71AE761019AF5B8100B2B5D8 /* FBCacheDescriptor.h */,
				71AE761119AF5B8100B2B5D8 /* FBColor.h */,
				71AE761219AF5B8100B2B5D8 /* FBDialogs.h */,
				71AE761319AF5B8100B2B5D8 /* FBDialogsData.h */,
				71AE761419AF5B8100B2B5D8 /* FBDialogsParams.h */,
				71AE761519AF5B8100B2B5D8 /* FBError.h */,
				71AE761619AF5B8100B2B5D8 /* FBErrorUtility.h */,
				71AE761719AF5B8100B2B5D8 /* FBFrictionlessRecipientCache.h */,
				71AE761819AF5B8100B2B5D8 /* FBFriendPickerViewController.h */,
				71AE761919AF5B8100B2B5D8 /* FBGraphLocation.h */,
				71AE761A19AF5B8100B2B5D8 /* FBGraphObject.h */,
				71AE761B19AF5B8100B2B5D8 /* FBGraphObjectPickerViewController.h */,
				71AE761C19AF5B8100B2B5D8 /* FBGraphPerson.h */,
				71AE761D19AF5B8100B2B5D8 /* FBGraphPlace.h */,
				71AE761E19AF5B8100B2B5D8 /* FBGraphUser.h */,
				71AE761F19AF5B8100B2B5D8 /* FBInsights.h */,
				71AE762019AF5B8100B2B5D8 /* FBLikeControl.h */,
				71AE762119AF5B8100B2B5D8 /* FBLinkShareParams.h */,
				71AE762219AF5B8100B2B5D8 /* FBLoginTooltipView.h */,
				71AE762319AF5B8100B2B5D8 /* FBLoginView.h */,
				71AE762419AF5B8100B2B5D8 /* FBNativeDialogs.h */,
				71AE762519AF5B8100B2B5D8 /* FBOpenGraphAction.h */,
				71AE762619AF5B8100B2B5D8 /* FBOpenGraphActionParams.h */,
				71AE762719AF5B8100B2B5D8 /* FBOpenGraphActionShareDialogParams.h */,
				71AE762819AF5B8100B2B5D8 /* FBOpenGraphObject.h */,
				71AE762919AF5B8100B2B5D8 /* FBPeoplePickerViewController.h */,
				71AE762A19AF5B8100B2B5D8 /* FBPhotoParams.h */,
				71AE762B19AF5B8100B2B5D8 /* FBPlacePickerViewController.h */,
				71AE762C19AF5B8100B2B5D8 /* FBProfilePictureView.h */,
				71AE762D19AF5B8100B2B5D8 /* FBRequest.h */,
				71AE762E19AF5B8100B2B5D8 /* FBRequestConnection.h */,
				71AE762F19AF5B8100B2B5D8 /* FBSDKMacros.h */,
				71AE763019AF5B8100B2B5D8 /* FBSession.h */,
				71AE763119AF5B8100B2B5D8 /* FBSessionTokenCachingStrategy.h */,
				71AE763219AF5B8100B2B5D8 /* FBSettings.h */,
				71AE763319AF5B8100B2B5D8 /* FBShareDialogParams.h */,
				71AE763419AF5B8100B2B5D8 /* FBShareDialogPhotoParams.h */,
				71AE763519AF5B8100B2B5D8 /* FBTaggableFriendPickerViewController.h */,
				71AE763619AF5B8100B2B5D8 /* FBTestSession.h */,
				71AE763719AF5B8100B2B5D8 /* FBTooltipView.h */,
				71AE763819AF5B8100B2B5D8 /* FBUserSettingsViewController.h */,
				71AE763919AF5B8100B2B5D8 /* FBViewController.h */,
				71AE763A19AF5B8100B2B5D8 /* FBWebDialogs.h */,
				71AE763B19AF5B8100B2B5D8 /* NSError+FBError.h */,
			);
			name = Headers;
			path = FacebookSDK.framework/Versions/A/Headers;
			sourceTree = "<group>";
		};
		B31B6D4315C13D5200854074 = {
			isa = PBXGroup;
			children = (
				71AE759419AF5B3D00B2B5D8 /* DeprecatedHeaders */,
				713372A216B7D7B900C12AC4 /* facebook */,
				B31B6D5015C13D5200854074 /* Frameworks */,
				B31B6D4F15C13D5200854074 /* Products */,
			);
			sourceTree = "<group>";
		};
		B31B6D4F15C13D5200854074 /* Products */ = {
			isa = PBXGroup;
			children = (
				B31B6D4E15C13D5200854074 /* libForgeModule.a */,
				B31B6D6D15C1467100854074 /* plugin.bundle */,
			);
			name = Products;
			sourceTree = "<group>";
		};
		B31B6D5015C13D5200854074 /* Frameworks */ = {
			isa = PBXGroup;
			children = (
				71AE75CD19AF5B5900B2B5D8 /* FacebookSDK.framework */,
				B37C3A5C162717A200B50A60 /* ForgeCore.framework */,
				B3FC524715C17B2C003574D9 /* SystemConfiguration.framework */,
				B3FC524115C177EA003574D9 /* AssetsLibrary.framework */,
				B3FC51FE15C1523D003574D9 /* CoreGraphics.framework */,
				B3FC51F715C151E5003574D9 /* UIKit.framework */,
				B31B6D5115C13D5200854074 /* Foundation.framework */,
				B31B6D6E15C1467100854074 /* CoreFoundation.framework */,
			);
			name = Frameworks;
			sourceTree = "<group>";
		};
/* End PBXGroup section */

/* Begin PBXNativeTarget section */
		B31B6D4D15C13D5200854074 /* ForgeModule */ = {
			isa = PBXNativeTarget;
			buildConfigurationList = B31B6D5C15C13D5200854074 /* Build configuration list for PBXNativeTarget "ForgeModule" */;
			buildPhases = (
				B31B6D4A15C13D5200854074 /* Sources */,
				B31B6D4B15C13D5200854074 /* Frameworks */,
			);
			buildRules = (
			);
			dependencies = (
			);
			name = ForgeModule;
			productName = ForgeCore;
			productReference = B31B6D4E15C13D5200854074 /* libForgeModule.a */;
			productType = "com.apple.product-type.library.static";
		};
		B31B6D6C15C1467100854074 /* ForgeModuleResources */ = {
			isa = PBXNativeTarget;
			buildConfigurationList = B31B6D7715C1467100854074 /* Build configuration list for PBXNativeTarget "ForgeModuleResources" */;
			buildPhases = (
				B31B6D6915C1467100854074 /* Sources */,
				B31B6D6A15C1467100854074 /* Frameworks */,
				B31B6D6B15C1467100854074 /* Resources */,
			);
			buildRules = (
			);
			dependencies = (
			);
			name = ForgeModuleResources;
			productName = ForgeCoreResources;
			productReference = B31B6D6D15C1467100854074 /* plugin.bundle */;
			productType = "com.apple.product-type.bundle";
		};
/* End PBXNativeTarget section */

/* Begin PBXProject section */
		B31B6D4515C13D5200854074 /* Project object */ = {
			isa = PBXProject;
			attributes = {
				LastUpgradeCheck = 0600;
				ORGANIZATIONNAME = "Trigger Corp";
			};
			buildConfigurationList = B31B6D4815C13D5200854074 /* Build configuration list for PBXProject "ForgeModule" */;
			compatibilityVersion = "Xcode 3.2";
			developmentRegion = English;
			hasScannedForEncodings = 0;
			knownRegions = (
				en,
			);
			mainGroup = B31B6D4315C13D5200854074;
			productRefGroup = B31B6D4F15C13D5200854074 /* Products */;
			projectDirPath = "";
			projectRoot = "";
			targets = (
				B31B6D4D15C13D5200854074 /* ForgeModule */,
				B31B6D6C15C1467100854074 /* ForgeModuleResources */,
			);
		};
/* End PBXProject section */

/* Begin PBXResourcesBuildPhase section */
		B31B6D6B15C1467100854074 /* Resources */ = {
			isa = PBXResourcesBuildPhase;
			buildActionMask = 2147483647;
			files = (
			);
			runOnlyForDeploymentPostprocessing = 0;
		};
/* End PBXResourcesBuildPhase section */

/* Begin PBXSourcesBuildPhase section */
		B31B6D4A15C13D5200854074 /* Sources */ = {
			isa = PBXSourcesBuildPhase;
			buildActionMask = 2147483647;
			files = (
				71334C5016B7D86300F95C9D /* facebook_API.m in Sources */,
				71334C5116B7D86300F95C9D /* facebook_DialogDelegate.m in Sources */,
				71334C5216B7D86300F95C9D /* facebook_EventListener.m in Sources */,
				718C907C18EAC2FB001E2FEC /* facebook_LoginDelegate.m in Sources */,
				71334C5316B7D86300F95C9D /* facebook_RequestDelegate.m in Sources */,
				71334C5416B7D86300F95C9D /* facebook_Util.m in Sources */,
			);
			runOnlyForDeploymentPostprocessing = 0;
		};
		B31B6D6915C1467100854074 /* Sources */ = {
			isa = PBXSourcesBuildPhase;
			buildActionMask = 2147483647;
			files = (
			);
			runOnlyForDeploymentPostprocessing = 0;
		};
/* End PBXSourcesBuildPhase section */

/* Begin XCBuildConfiguration section */
		B31B6D5A15C13D5200854074 /* Debug */ = {
			isa = XCBuildConfiguration;
			buildSettings = {
				ALWAYS_SEARCH_USER_PATHS = YES;
				CLANG_CXX_LANGUAGE_STANDARD = "gnu++0x";
				CLANG_ENABLE_OBJC_ARC = YES;
				CLANG_WARN_BOOL_CONVERSION = YES;
				CLANG_WARN_CONSTANT_CONVERSION = YES;
				CLANG_WARN_EMPTY_BODY = YES;
				CLANG_WARN_ENUM_CONVERSION = YES;
				CLANG_WARN_INT_CONVERSION = YES;
				CLANG_WARN_UNREACHABLE_CODE = YES;
				CLANG_WARN__DUPLICATE_METHOD_MATCH = YES;
				COPY_PHASE_STRIP = NO;
				ENABLE_STRICT_OBJC_MSGSEND = YES;
				GCC_C_LANGUAGE_STANDARD = gnu99;
				GCC_DYNAMIC_NO_PIC = NO;
				GCC_OPTIMIZATION_LEVEL = 0;
				GCC_PREPROCESSOR_DEFINITIONS = (
					"DEBUG=1",
					"$(inherited)",
				);
				GCC_SYMBOLS_PRIVATE_EXTERN = NO;
				GCC_VERSION = com.apple.compilers.llvm.clang.1_0;
				GCC_WARN_64_TO_32_BIT_CONVERSION = YES;
				GCC_WARN_ABOUT_RETURN_TYPE = YES;
				GCC_WARN_UNDECLARED_SELECTOR = YES;
				GCC_WARN_UNINITIALIZED_AUTOS = YES;
				GCC_WARN_UNUSED_FUNCTION = YES;
				GCC_WARN_UNUSED_VARIABLE = YES;
				IPHONEOS_DEPLOYMENT_TARGET = 6.0;
				ONLY_ACTIVE_ARCH = YES;
				SDKROOT = iphoneos;
				VALID_ARCHS = "armv7 armv7s arm64 i386 x86_64";
			};
			name = Debug;
		};
		B31B6D5B15C13D5200854074 /* Release */ = {
			isa = XCBuildConfiguration;
			buildSettings = {
				ALWAYS_SEARCH_USER_PATHS = YES;
				CLANG_CXX_LANGUAGE_STANDARD = "gnu++0x";
				CLANG_ENABLE_OBJC_ARC = YES;
				CLANG_WARN_BOOL_CONVERSION = YES;
				CLANG_WARN_CONSTANT_CONVERSION = YES;
				CLANG_WARN_EMPTY_BODY = YES;
				CLANG_WARN_ENUM_CONVERSION = YES;
				CLANG_WARN_INT_CONVERSION = YES;
				CLANG_WARN_UNREACHABLE_CODE = YES;
				CLANG_WARN__DUPLICATE_METHOD_MATCH = YES;
				COPY_PHASE_STRIP = YES;
				ENABLE_STRICT_OBJC_MSGSEND = YES;
				GCC_C_LANGUAGE_STANDARD = gnu99;
				GCC_VERSION = com.apple.compilers.llvm.clang.1_0;
				GCC_WARN_64_TO_32_BIT_CONVERSION = YES;
				GCC_WARN_ABOUT_RETURN_TYPE = YES;
				GCC_WARN_UNDECLARED_SELECTOR = YES;
				GCC_WARN_UNINITIALIZED_AUTOS = YES;
				GCC_WARN_UNUSED_FUNCTION = YES;
				GCC_WARN_UNUSED_VARIABLE = YES;
				IPHONEOS_DEPLOYMENT_TARGET = 6.0;
				SDKROOT = iphoneos;
				VALIDATE_PRODUCT = YES;
				VALID_ARCHS = "armv7 armv7s arm64 i386 x86_64";
			};
			name = Release;
		};
		B31B6D5D15C13D5200854074 /* Debug */ = {
			isa = XCBuildConfiguration;
			buildSettings = {
				COPY_PHASE_STRIP = NO;
				DEAD_CODE_STRIPPING = NO;
				FRAMEWORK_SEARCH_PATHS = (
					"$(inherited)",
					"\"$(SRCROOT)\"",
					"\"$(SRCROOT)/..\"",
				);
				GCC_PRECOMPILE_PREFIX_HEADER = YES;
				GCC_PREFIX_HEADER = "ForgeModule-Prefix.pch";
				HEADER_SEARCH_PATHS = "./**";
				LIBRARY_SEARCH_PATHS = (
					"$(inherited)",
					"\"$(SRCROOT)/FacebookSDK.framework\"",
					"$(PROJECT_DIR)/FacebookSDK.framework/Versions/A",
				);
				OTHER_LDFLAGS = "-ObjC";
				PRODUCT_NAME = "$(TARGET_NAME)";
				SDKROOT = iphoneos;
				SKIP_INSTALL = YES;
				STRIP_STYLE = "non-global";
			};
			name = Debug;
		};
		B31B6D5E15C13D5200854074 /* Release */ = {
			isa = XCBuildConfiguration;
			buildSettings = {
				COPY_PHASE_STRIP = NO;
				DEAD_CODE_STRIPPING = NO;
				FRAMEWORK_SEARCH_PATHS = (
					"$(inherited)",
					"\"$(SRCROOT)\"",
					"\"$(SRCROOT)/..\"",
				);
				GCC_PRECOMPILE_PREFIX_HEADER = YES;
				GCC_PREFIX_HEADER = "ForgeModule-Prefix.pch";
				HEADER_SEARCH_PATHS = "./**";
				LIBRARY_SEARCH_PATHS = (
					"$(inherited)",
					"\"$(SRCROOT)/FacebookSDK.framework\"",
					"$(PROJECT_DIR)/FacebookSDK.framework/Versions/A",
				);
				OTHER_LDFLAGS = "-ObjC";
				PRODUCT_NAME = "$(TARGET_NAME)";
				SDKROOT = iphoneos;
				SKIP_INSTALL = YES;
				STRIP_STYLE = "non-global";
			};
			name = Release;
		};
		B31B6D7815C1467100854074 /* Debug */ = {
			isa = XCBuildConfiguration;
			buildSettings = {
				FRAMEWORK_SEARCH_PATHS = (
					"$(inherited)",
					"\"$(SRCROOT)\"",
				);
				GCC_ENABLE_OBJC_EXCEPTIONS = YES;
				GCC_PRECOMPILE_PREFIX_HEADER = YES;
				GCC_PREFIX_HEADER = "";
				GCC_WARN_64_TO_32_BIT_CONVERSION = YES;
				INFOPLIST_FILE = "";
				INSTALL_PATH = "$(LOCAL_LIBRARY_DIR)/Bundles";
				MACOSX_DEPLOYMENT_TARGET = 10.7;
				ONLY_ACTIVE_ARCH = NO;
				PRODUCT_NAME = plugin;
				SDKROOT = iphoneos;
				WRAPPER_EXTENSION = bundle;
			};
			name = Debug;
		};
		B31B6D7915C1467100854074 /* Release */ = {
			isa = XCBuildConfiguration;
			buildSettings = {
				DEBUG_INFORMATION_FORMAT = "dwarf-with-dsym";
				FRAMEWORK_SEARCH_PATHS = (
					"$(inherited)",
					"\"$(SRCROOT)\"",
				);
				GCC_ENABLE_OBJC_EXCEPTIONS = YES;
				GCC_PRECOMPILE_PREFIX_HEADER = YES;
				GCC_PREFIX_HEADER = "";
				GCC_WARN_64_TO_32_BIT_CONVERSION = YES;
				INFOPLIST_FILE = "";
				INSTALL_PATH = "$(LOCAL_LIBRARY_DIR)/Bundles";
				MACOSX_DEPLOYMENT_TARGET = 10.7;
				ONLY_ACTIVE_ARCH = NO;
				PRODUCT_NAME = plugin;
				SDKROOT = iphoneos;
				WRAPPER_EXTENSION = bundle;
			};
			name = Release;
		};
/* End XCBuildConfiguration section */

/* Begin XCConfigurationList section */
		B31B6D4815C13D5200854074 /* Build configuration list for PBXProject "ForgeModule" */ = {
			isa = XCConfigurationList;
			buildConfigurations = (
				B31B6D5A15C13D5200854074 /* Debug */,
				B31B6D5B15C13D5200854074 /* Release */,
			);
			defaultConfigurationIsVisible = 0;
			defaultConfigurationName = Release;
		};
		B31B6D5C15C13D5200854074 /* Build configuration list for PBXNativeTarget "ForgeModule" */ = {
			isa = XCConfigurationList;
			buildConfigurations = (
				B31B6D5D15C13D5200854074 /* Debug */,
				B31B6D5E15C13D5200854074 /* Release */,
			);
			defaultConfigurationIsVisible = 0;
			defaultConfigurationName = Release;
		};
		B31B6D7715C1467100854074 /* Build configuration list for PBXNativeTarget "ForgeModuleResources" */ = {
			isa = XCConfigurationList;
			buildConfigurations = (
				B31B6D7815C1467100854074 /* Debug */,
				B31B6D7915C1467100854074 /* Release */,
			);
			defaultConfigurationIsVisible = 0;
			defaultConfigurationName = Release;
		};
/* End XCConfigurationList section */
	};
	rootObject = B31B6D4515C13D5200854074 /* Project object */;
}
